
Microsoft Visual Studio Solution File, Format Version 12.00
# Visual Studio 14
VisualStudioVersion = 14.0.25420.1
MinimumVisualStudioVersion = 10.0.40219.1
Project("{FAE04EC0-301F-11D3-BF4B-00C04F79EFBC}") = "Cats Azure", "RestComXamarin\RestComXamarin\Cats Azure.csproj", "{E45BD7BE-D90C-4381-8D8D-59D15B0D490C}"
EndProject
Project("{FAE04EC0-301F-11D3-BF4B-00C04F79EFBC}") = "Cats Azure.Droid", "RestComXamarin\RestComXamarin.Droid\Cats Azure.Droid.csproj", "{7999AFA6-8970-4F0C-B147-B136B320F1D7}"
EndProject
Project("{FAE04EC0-301F-11D3-BF4B-00C04F79EFBC}") = "Cats Azure.iOS", "RestComXamarin\RestComXamarin.iOS\Cats Azure.iOS.csproj", "{64DBCE29-C65C-4602-88E9-51697F1205D1}"
EndProject
Project("{FAE04EC0-301F-11D3-BF4B-00C04F79EFBC}") = "Cats Azure.WinPhone", "RestComXamarin\RestComXamarin.WinPhone\Cats Azure.WinPhone.csproj", "{CE7EDECA-658E-4559-9D11-F55D12B167E5}"
EndProject
Project("{FAE04EC0-301F-11D3-BF4B-00C04F79EFBC}") = "Cats Azure.UWP", "RestComXamarin\RestComXamarin.UWP\Cats Azure.UWP.csproj", "{91F4C15E-1A57-4001-8A30-5C04DADB9B70}"
EndProject
Project("{FAE04EC0-301F-11D3-BF4B-00C04F79EFBC}") = "Cats Azure.Windows", "RestComXamarin\RestComXamarin.Windows\Cats Azure.Windows.csproj", "{DA363BB5-5D8B-408F-8F02-15BEF0D3DD26}"
EndProject
Global
	GlobalSection(SolutionConfigurationPlatforms) = preSolution
		Ad-Hoc|Any CPU = Ad-Hoc|Any CPU
		Ad-Hoc|ARM = Ad-Hoc|ARM
		Ad-Hoc|iPhone = Ad-Hoc|iPhone
		Ad-Hoc|iPhoneSimulator = Ad-Hoc|iPhoneSimulator
		Ad-Hoc|x64 = Ad-Hoc|x64
		Ad-Hoc|x86 = Ad-Hoc|x86
		AppStore|Any CPU = AppStore|Any CPU
		AppStore|ARM = AppStore|ARM
		AppStore|iPhone = AppStore|iPhone
		AppStore|iPhoneSimulator = AppStore|iPhoneSimulator
		AppStore|x64 = AppStore|x64
		AppStore|x86 = AppStore|x86
		Debug|Any CPU = Debug|Any CPU
		Debug|ARM = Debug|ARM
		Debug|iPhone = Debug|iPhone
		Debug|iPhoneSimulator = Debug|iPhoneSimulator
		Debug|x64 = Debug|x64
		Debug|x86 = Debug|x86
		Release|Any CPU = Release|Any CPU
		Release|ARM = Release|ARM
		Release|iPhone = Release|iPhone
		Release|iPhoneSimulator = Release|iPhoneSimulator
		Release|x64 = Release|x64
		Release|x86 = Release|x86
	EndGlobalSection
	GlobalSection(ProjectConfigurationPlatforms) = postSolution
		{E45BD7BE-D90C-4381-8D8D-59D15B0D490C}.Ad-Hoc|Any CPU.ActiveCfg = Release|Any CPU
		{E45BD7BE-D90C-4381-8D8D-59D15B0D490C}.Ad-Hoc|Any CPU.Build.0 = Release|Any CPU
		{E45BD7BE-D90C-4381-8D8D-59D15B0D490C}.Ad-Hoc|ARM.ActiveCfg = Release|Any CPU
		{E45BD7BE-D90C-4381-8D8D-59D15B0D490C}.Ad-Hoc|ARM.Build.0 = Release|Any CPU
		{E45BD7BE-D90C-4381-8D8D-59D15B0D490C}.Ad-Hoc|iPhone.ActiveCfg = Release|Any CPU
		{E45BD7BE-D90C-4381-8D8D-59D15B0D490C}.Ad-Hoc|iPhone.Build.0 = Release|Any CPU
		{E45BD7BE-D90C-4381-8D8D-59D15B0D490C}.Ad-Hoc|iPhoneSimulator.ActiveCfg = Release|Any CPU
		{E45BD7BE-D90C-4381-8D8D-59D15B0D490C}.Ad-Hoc|iPhoneSimulator.Build.0 = Release|Any CPU
		{E45BD7BE-D90C-4381-8D8D-59D15B0D490C}.Ad-Hoc|x64.ActiveCfg = Release|Any CPU
		{E45BD7BE-D90C-4381-8D8D-59D15B0D490C}.Ad-Hoc|x64.Build.0 = Release|Any CPU
		{E45BD7BE-D90C-4381-8D8D-59D15B0D490C}.Ad-Hoc|x86.ActiveCfg = Release|Any CPU
		{E45BD7BE-D90C-4381-8D8D-59D15B0D490C}.Ad-Hoc|x86.Build.0 = Release|Any CPU
		{E45BD7BE-D90C-4381-8D8D-59D15B0D490C}.AppStore|Any CPU.ActiveCfg = Release|Any CPU
		{E45BD7BE-D90C-4381-8D8D-59D15B0D490C}.AppStore|Any CPU.Build.0 = Release|Any CPU
		{E45BD7BE-D90C-4381-8D8D-59D15B0D490C}.AppStore|ARM.ActiveCfg = Release|Any CPU
		{E45BD7BE-D90C-4381-8D8D-59D15B0D490C}.AppStore|ARM.Build.0 = Release|Any CPU
		{E45BD7BE-D90C-4381-8D8D-59D15B0D490C}.AppStore|iPhone.ActiveCfg = Release|Any CPU
		{E45BD7BE-D90C-4381-8D8D-59D15B0D490C}.AppStore|iPhone.Build.0 = Release|Any CPU
		{E45BD7BE-D90C-4381-8D8D-59D15B0D490C}.AppStore|iPhoneSimulator.ActiveCfg = Release|Any CPU
		{E45BD7BE-D90C-4381-8D8D-59D15B0D490C}.AppStore|iPhoneSimulator.Build.0 = Release|Any CPU
		{E45BD7BE-D90C-4381-8D8D-59D15B0D490C}.AppStore|x64.ActiveCfg = Release|Any CPU
		{E45BD7BE-D90C-4381-8D8D-59D15B0D490C}.AppStore|x64.Build.0 = Release|Any CPU
		{E45BD7BE-D90C-4381-8D8D-59D15B0D490C}.AppStore|x86.ActiveCfg = Release|Any CPU
		{E45BD7BE-D90C-4381-8D8D-59D15B0D490C}.AppStore|x86.Build.0 = Release|Any CPU
		{E45BD7BE-D90C-4381-8D8D-59D15B0D490C}.Debug|Any CPU.ActiveCfg = Debug|Any CPU
		{E45BD7BE-D90C-4381-8D8D-59D15B0D490C}.Debug|Any CPU.Build.0 = Debug|Any CPU
		{E45BD7BE-D90C-4381-8D8D-59D15B0D490C}.Debug|ARM.ActiveCfg = Debug|Any CPU
		{E45BD7BE-D90C-4381-8D8D-59D15B0D490C}.Debug|ARM.Build.0 = Debug|Any CPU
		{E45BD7BE-D90C-4381-8D8D-59D15B0D490C}.Debug|iPhone.ActiveCfg = Debug|Any CPU
		{E45BD7BE-D90C-4381-8D8D-59D15B0D490C}.Debug|iPhone.Build.0 = Debug|Any CPU
		{E45BD7BE-D90C-4381-8D8D-59D15B0D490C}.Debug|iPhoneSimulator.ActiveCfg = Debug|Any CPU
		{E45BD7BE-D90C-4381-8D8D-59D15B0D490C}.Debug|iPhoneSimulator.Build.0 = Debug|Any CPU
		{E45BD7BE-D90C-4381-8D8D-59D15B0D490C}.Debug|x64.ActiveCfg = Debug|Any CPU
		{E45BD7BE-D90C-4381-8D8D-59D15B0D490C}.Debug|x64.Build.0 = Debug|Any CPU
		{E45BD7BE-D90C-4381-8D8D-59D15B0D490C}.Debug|x86.ActiveCfg = Debug|Any CPU
		{E45BD7BE-D90C-4381-8D8D-59D15B0D490C}.Debug|x86.Build.0 = Debug|Any CPU
		{E45BD7BE-D90C-4381-8D8D-59D15B0D490C}.Release|Any CPU.ActiveCfg = Release|Any CPU
		{E45BD7BE-D90C-4381-8D8D-59D15B0D490C}.Release|Any CPU.Build.0 = Release|Any CPU
		{E45BD7BE-D90C-4381-8D8D-59D15B0D490C}.Release|ARM.ActiveCfg = Release|Any CPU
		{E45BD7BE-D90C-4381-8D8D-59D15B0D490C}.Release|ARM.Build.0 = Release|Any CPU
		{E45BD7BE-D90C-4381-8D8D-59D15B0D490C}.Release|iPhone.ActiveCfg = Release|Any CPU
		{E45BD7BE-D90C-4381-8D8D-59D15B0D490C}.Release|iPhone.Build.0 = Release|Any CPU
		{E45BD7BE-D90C-4381-8D8D-59D15B0D490C}.Release|iPhoneSimulator.ActiveCfg = Release|Any CPU
		{E45BD7BE-D90C-4381-8D8D-59D15B0D490C}.Release|iPhoneSimulator.Build.0 = Release|Any CPU
		{E45BD7BE-D90C-4381-8D8D-59D15B0D490C}.Release|x64.ActiveCfg = Release|Any CPU
		{E45BD7BE-D90C-4381-8D8D-59D15B0D490C}.Release|x64.Build.0 = Release|Any CPU
		{E45BD7BE-D90C-4381-8D8D-59D15B0D490C}.Release|x86.ActiveCfg = Release|Any CPU
		{E45BD7BE-D90C-4381-8D8D-59D15B0D490C}.Release|x86.Build.0 = Release|Any CPU
		{7999AFA6-8970-4F0C-B147-B136B320F1D7}.Ad-Hoc|Any CPU.ActiveCfg = Release|Any CPU
		{7999AFA6-8970-4F0C-B147-B136B320F1D7}.Ad-Hoc|Any CPU.Build.0 = Release|Any CPU
		{7999AFA6-8970-4F0C-B147-B136B320F1D7}.Ad-Hoc|Any CPU.Deploy.0 = Release|Any CPU
		{7999AFA6-8970-4F0C-B147-B136B320F1D7}.Ad-Hoc|ARM.ActiveCfg = Release|Any CPU
		{7999AFA6-8970-4F0C-B147-B136B320F1D7}.Ad-Hoc|ARM.Build.0 = Release|Any CPU
		{7999AFA6-8970-4F0C-B147-B136B320F1D7}.Ad-Hoc|ARM.Deploy.0 = Release|Any CPU
		{7999AFA6-8970-4F0C-B147-B136B320F1D7}.Ad-Hoc|iPhone.ActiveCfg = Release|Any CPU
		{7999AFA6-8970-4F0C-B147-B136B320F1D7}.Ad-Hoc|iPhone.Build.0 = Release|Any CPU
		{7999AFA6-8970-4F0C-B147-B136B320F1D7}.Ad-Hoc|iPhone.Deploy.0 = Release|Any CPU
		{7999AFA6-8970-4F0C-B147-B136B320F1D7}.Ad-Hoc|iPhoneSimulator.ActiveCfg = Release|Any CPU
		{7999AFA6-8970-4F0C-B147-B136B320F1D7}.Ad-Hoc|iPhoneSimulator.Build.0 = Release|Any CPU
		{7999AFA6-8970-4F0C-B147-B136B320F1D7}.Ad-Hoc|iPhoneSimulator.Deploy.0 = Release|Any CPU
		{7999AFA6-8970-4F0C-B147-B136B320F1D7}.Ad-Hoc|x64.ActiveCfg = Release|Any CPU
		{7999AFA6-8970-4F0C-B147-B136B320F1D7}.Ad-Hoc|x64.Build.0 = Release|Any CPU
		{7999AFA6-8970-4F0C-B147-B136B320F1D7}.Ad-Hoc|x64.Deploy.0 = Release|Any CPU
		{7999AFA6-8970-4F0C-B147-B136B320F1D7}.Ad-Hoc|x86.ActiveCfg = Release|Any CPU
		{7999AFA6-8970-4F0C-B147-B136B320F1D7}.Ad-Hoc|x86.Build.0 = Release|Any CPU
		{7999AFA6-8970-4F0C-B147-B136B320F1D7}.Ad-Hoc|x86.Deploy.0 = Release|Any CPU
		{7999AFA6-8970-4F0C-B147-B136B320F1D7}.AppStore|Any CPU.ActiveCfg = Release|Any CPU
		{7999AFA6-8970-4F0C-B147-B136B320F1D7}.AppStore|Any CPU.Build.0 = Release|Any CPU
		{7999AFA6-8970-4F0C-B147-B136B320F1D7}.AppStore|Any CPU.Deploy.0 = Release|Any CPU
		{7999AFA6-8970-4F0C-B147-B136B320F1D7}.AppStore|ARM.ActiveCfg = Release|Any CPU
		{7999AFA6-8970-4F0C-B147-B136B320F1D7}.AppStore|ARM.Build.0 = Release|Any CPU
		{7999AFA6-8970-4F0C-B147-B136B320F1D7}.AppStore|ARM.Deploy.0 = Release|Any CPU
		{7999AFA6-8970-4F0C-B147-B136B320F1D7}.AppStore|iPhone.ActiveCfg = Release|Any CPU
		{7999AFA6-8970-4F0C-B147-B136B320F1D7}.AppStore|iPhone.Build.0 = Release|Any CPU
		{7999AFA6-8970-4F0C-B147-B136B320F1D7}.AppStore|iPhone.Deploy.0 = Release|Any CPU
		{7999AFA6-8970-4F0C-B147-B136B320F1D7}.AppStore|iPhoneSimulator.ActiveCfg = Release|Any CPU
		{7999AFA6-8970-4F0C-B147-B136B320F1D7}.AppStore|iPhoneSimulator.Build.0 = Release|Any CPU
		{7999AFA6-8970-4F0C-B147-B136B320F1D7}.AppStore|iPhoneSimulator.Deploy.0 = Release|Any CPU
		{7999AFA6-8970-4F0C-B147-B136B320F1D7}.AppStore|x64.ActiveCfg = Release|Any CPU
		{7999AFA6-8970-4F0C-B147-B136B320F1D7}.AppStore|x64.Build.0 = Release|Any CPU
		{7999AFA6-8970-4F0C-B147-B136B320F1D7}.AppStore|x64.Deploy.0 = Release|Any CPU
		{7999AFA6-8970-4F0C-B147-B136B320F1D7}.AppStore|x86.ActiveCfg = Release|Any CPU
		{7999AFA6-8970-4F0C-B147-B136B320F1D7}.AppStore|x86.Build.0 = Release|Any CPU
		{7999AFA6-8970-4F0C-B147-B136B320F1D7}.AppStore|x86.Deploy.0 = Release|Any CPU
		{7999AFA6-8970-4F0C-B147-B136B320F1D7}.Debug|Any CPU.ActiveCfg = Debug|Any CPU
		{7999AFA6-8970-4F0C-B147-B136B320F1D7}.Debug|Any CPU.Build.0 = Debug|Any CPU
		{7999AFA6-8970-4F0C-B147-B136B320F1D7}.Debug|Any CPU.Deploy.0 = Debug|Any CPU
		{7999AFA6-8970-4F0C-B147-B136B320F1D7}.Debug|ARM.ActiveCfg = Debug|Any CPU
		{7999AFA6-8970-4F0C-B147-B136B320F1D7}.Debug|ARM.Build.0 = Debug|Any CPU
		{7999AFA6-8970-4F0C-B147-B136B320F1D7}.Debug|ARM.Deploy.0 = Debug|Any CPU
		{7999AFA6-8970-4F0C-B147-B136B320F1D7}.Debug|iPhone.ActiveCfg = Debug|Any CPU
		{7999AFA6-8970-4F0C-B147-B136B320F1D7}.Debug|iPhone.Build.0 = Debug|Any CPU
		{7999AFA6-8970-4F0C-B147-B136B320F1D7}.Debug|iPhone.Deploy.0 = Debug|Any CPU
		{7999AFA6-8970-4F0C-B147-B136B320F1D7}.Debug|iPhoneSimulator.ActiveCfg = Debug|Any CPU
		{7999AFA6-8970-4F0C-B147-B136B320F1D7}.Debug|iPhoneSimulator.Build.0 = Debug|Any CPU
		{7999AFA6-8970-4F0C-B147-B136B320F1D7}.Debug|iPhoneSimulator.Deploy.0 = Debug|Any CPU
		{7999AFA6-8970-4F0C-B147-B136B320F1D7}.Debug|x64.ActiveCfg = Debug|Any CPU
		{7999AFA6-8970-4F0C-B147-B136B320F1D7}.Debug|x64.Build.0 = Debug|Any CPU
		{7999AFA6-8970-4F0C-B147-B136B320F1D7}.Debug|x64.Deploy.0 = Debug|Any CPU
		{7999AFA6-8970-4F0C-B147-B136B320F1D7}.Debug|x86.ActiveCfg = Debug|Any CPU
		{7999AFA6-8970-4F0C-B147-B136B320F1D7}.Debug|x86.Build.0 = Debug|Any CPU
		{7999AFA6-8970-4F0C-B147-B136B320F1D7}.Debug|x86.Deploy.0 = Debug|Any CPU
		{7999AFA6-8970-4F0C-B147-B136B320F1D7}.Release|Any CPU.ActiveCfg = Release|Any CPU
		{7999AFA6-8970-4F0C-B147-B136B320F1D7}.Release|Any CPU.Build.0 = Release|Any CPU
		{7999AFA6-8970-4F0C-B147-B136B320F1D7}.Release|Any CPU.Deploy.0 = Release|Any CPU
		{7999AFA6-8970-4F0C-B147-B136B320F1D7}.Release|ARM.ActiveCfg = Release|Any CPU
		{7999AFA6-8970-4F0C-B147-B136B320F1D7}.Release|ARM.Build.0 = Release|Any CPU
		{7999AFA6-8970-4F0C-B147-B136B320F1D7}.Release|ARM.Deploy.0 = Release|Any CPU
		{7999AFA6-8970-4F0C-B147-B136B320F1D7}.Release|iPhone.ActiveCfg = Release|Any CPU
		{7999AFA6-8970-4F0C-B147-B136B320F1D7}.Release|iPhone.Build.0 = Release|Any CPU
		{7999AFA6-8970-4F0C-B147-B136B320F1D7}.Release|iPhone.Deploy.0 = Release|Any CPU
		{7999AFA6-8970-4F0C-B147-B136B320F1D7}.Release|iPhoneSimulator.ActiveCfg = Release|Any CPU
		{7999AFA6-8970-4F0C-B147-B136B320F1D7}.Release|iPhoneSimulator.Build.0 = Release|Any CPU
		{7999AFA6-8970-4F0C-B147-B136B320F1D7}.Release|iPhoneSimulator.Deploy.0 = Release|Any CPU
		{7999AFA6-8970-4F0C-B147-B136B320F1D7}.Release|x64.ActiveCfg = Release|Any CPU
		{7999AFA6-8970-4F0C-B147-B136B320F1D7}.Release|x64.Build.0 = Release|Any CPU
		{7999AFA6-8970-4F0C-B147-B136B320F1D7}.Release|x64.Deploy.0 = Release|Any CPU
		{7999AFA6-8970-4F0C-B147-B136B320F1D7}.Release|x86.ActiveCfg = Release|Any CPU
		{7999AFA6-8970-4F0C-B147-B136B320F1D7}.Release|x86.Build.0 = Release|Any CPU
		{7999AFA6-8970-4F0C-B147-B136B320F1D7}.Release|x86.Deploy.0 = Release|Any CPU
		{64DBCE29-C65C-4602-88E9-51697F1205D1}.Ad-Hoc|Any CPU.ActiveCfg = Ad-Hoc|iPhone
		{64DBCE29-C65C-4602-88E9-51697F1205D1}.Ad-Hoc|ARM.ActiveCfg = Ad-Hoc|iPhone
		{64DBCE29-C65C-4602-88E9-51697F1205D1}.Ad-Hoc|iPhone.ActiveCfg = Ad-Hoc|iPhone
		{64DBCE29-C65C-4602-88E9-51697F1205D1}.Ad-Hoc|iPhone.Build.0 = Ad-Hoc|iPhone
		{64DBCE29-C65C-4602-88E9-51697F1205D1}.Ad-Hoc|iPhoneSimulator.ActiveCfg = Ad-Hoc|iPhoneSimulator
		{64DBCE29-C65C-4602-88E9-51697F1205D1}.Ad-Hoc|iPhoneSimulator.Build.0 = Ad-Hoc|iPhoneSimulator
		{64DBCE29-C65C-4602-88E9-51697F1205D1}.Ad-Hoc|x64.ActiveCfg = Ad-Hoc|iPhone
		{64DBCE29-C65C-4602-88E9-51697F1205D1}.Ad-Hoc|x86.ActiveCfg = Ad-Hoc|iPhone
		{64DBCE29-C65C-4602-88E9-51697F1205D1}.AppStore|Any CPU.ActiveCfg = AppStore|iPhone
		{64DBCE29-C65C-4602-88E9-51697F1205D1}.AppStore|ARM.ActiveCfg = AppStore|iPhone
		{64DBCE29-C65C-4602-88E9-51697F1205D1}.AppStore|iPhone.ActiveCfg = AppStore|iPhone
		{64DBCE29-C65C-4602-88E9-51697F1205D1}.AppStore|iPhone.Build.0 = AppStore|iPhone
		{64DBCE29-C65C-4602-88E9-51697F1205D1}.AppStore|iPhoneSimulator.ActiveCfg = AppStore|iPhoneSimulator
		{64DBCE29-C65C-4602-88E9-51697F1205D1}.AppStore|iPhoneSimulator.Build.0 = AppStore|iPhoneSimulator
		{64DBCE29-C65C-4602-88E9-51697F1205D1}.AppStore|x64.ActiveCfg = AppStore|iPhone
		{64DBCE29-C65C-4602-88E9-51697F1205D1}.AppStore|x86.ActiveCfg = AppStore|iPhone
		{64DBCE29-C65C-4602-88E9-51697F1205D1}.Debug|Any CPU.ActiveCfg = Debug|iPhone
		{64DBCE29-C65C-4602-88E9-51697F1205D1}.Debug|ARM.ActiveCfg = Debug|iPhone
		{64DBCE29-C65C-4602-88E9-51697F1205D1}.Debug|iPhone.ActiveCfg = Debug|iPhone
		{64DBCE29-C65C-4602-88E9-51697F1205D1}.Debug|iPhone.Build.0 = Debug|iPhone
		{64DBCE29-C65C-4602-88E9-51697F1205D1}.Debug|iPhoneSimulator.ActiveCfg = Debug|iPhoneSimulator
		{64DBCE29-C65C-4602-88E9-51697F1205D1}.Debug|iPhoneSimulator.Build.0 = Debug|iPhoneSimulator
		{64DBCE29-C65C-4602-88E9-51697F1205D1}.Debug|x64.ActiveCfg = Debug|iPhone
		{64DBCE29-C65C-4602-88E9-51697F1205D1}.Debug|x86.ActiveCfg = Debug|iPhone
		{64DBCE29-C65C-4602-88E9-51697F1205D1}.Release|Any CPU.ActiveCfg = Release|iPhone
		{64DBCE29-C65C-4602-88E9-51697F1205D1}.Release|ARM.ActiveCfg = Release|iPhone
		{64DBCE29-C65C-4602-88E9-51697F1205D1}.Release|iPhone.ActiveCfg = Release|iPhone
		{64DBCE29-C65C-4602-88E9-51697F1205D1}.Release|iPhone.Build.0 = Release|iPhone
		{64DBCE29-C65C-4602-88E9-51697F1205D1}.Release|iPhoneSimulator.ActiveCfg = Release|iPhoneSimulator
		{64DBCE29-C65C-4602-88E9-51697F1205D1}.Release|iPhoneSimulator.Build.0 = Release|iPhoneSimulator
		{64DBCE29-C65C-4602-88E9-51697F1205D1}.Release|x64.ActiveCfg = Release|iPhone
		{64DBCE29-C65C-4602-88E9-51697F1205D1}.Release|x86.ActiveCfg = Release|iPhone
		{CE7EDECA-658E-4559-9D11-F55D12B167E5}.Ad-Hoc|Any CPU.ActiveCfg = Release|Any CPU
		{CE7EDECA-658E-4559-9D11-F55D12B167E5}.Ad-Hoc|Any CPU.Build.0 = Release|Any CPU
		{CE7EDECA-658E-4559-9D11-F55D12B167E5}.Ad-Hoc|Any CPU.Deploy.0 = Release|Any CPU
		{CE7EDECA-658E-4559-9D11-F55D12B167E5}.Ad-Hoc|ARM.ActiveCfg = Release|ARM
		{CE7EDECA-658E-4559-9D11-F55D12B167E5}.Ad-Hoc|ARM.Build.0 = Release|ARM
		{CE7EDECA-658E-4559-9D11-F55D12B167E5}.Ad-Hoc|ARM.Deploy.0 = Release|ARM
		{CE7EDECA-658E-4559-9D11-F55D12B167E5}.Ad-Hoc|iPhone.ActiveCfg = Release|Any CPU
		{CE7EDECA-658E-4559-9D11-F55D12B167E5}.Ad-Hoc|iPhone.Build.0 = Release|Any CPU
		{CE7EDECA-658E-4559-9D11-F55D12B167E5}.Ad-Hoc|iPhone.Deploy.0 = Release|Any CPU
		{CE7EDECA-658E-4559-9D11-F55D12B167E5}.Ad-Hoc|iPhoneSimulator.ActiveCfg = Release|Any CPU
		{CE7EDECA-658E-4559-9D11-F55D12B167E5}.Ad-Hoc|iPhoneSimulator.Build.0 = Release|Any CPU
		{CE7EDECA-658E-4559-9D11-F55D12B167E5}.Ad-Hoc|iPhoneSimulator.Deploy.0 = Release|Any CPU
		{CE7EDECA-658E-4559-9D11-F55D12B167E5}.Ad-Hoc|x64.ActiveCfg = Release|Any CPU
		{CE7EDECA-658E-4559-9D11-F55D12B167E5}.Ad-Hoc|x64.Build.0 = Release|Any CPU
		{CE7EDECA-658E-4559-9D11-F55D12B167E5}.Ad-Hoc|x64.Deploy.0 = Release|Any CPU
		{CE7EDECA-658E-4559-9D11-F55D12B167E5}.Ad-Hoc|x86.ActiveCfg = Release|x86
		{CE7EDECA-658E-4559-9D11-F55D12B167E5}.Ad-Hoc|x86.Build.0 = Release|x86
		{CE7EDECA-658E-4559-9D11-F55D12B167E5}.Ad-Hoc|x86.Deploy.0 = Release|x86
		{CE7EDECA-658E-4559-9D11-F55D12B167E5}.AppStore|Any CPU.ActiveCfg = Release|Any CPU
		{CE7EDECA-658E-4559-9D11-F55D12B167E5}.AppStore|Any CPU.Build.0 = Release|Any CPU
		{CE7EDECA-658E-4559-9D11-F55D12B167E5}.AppStore|Any CPU.Deploy.0 = Release|Any CPU
		{CE7EDECA-658E-4559-9D11-F55D12B167E5}.AppStore|ARM.ActiveCfg = Release|ARM
		{CE7EDECA-658E-4559-9D11-F55D12B167E5}.AppStore|ARM.Build.0 = Release|ARM
		{CE7EDECA-658E-4559-9D11-F55D12B167E5}.AppStore|ARM.Deploy.0 = Release|ARM
		{CE7EDECA-658E-4559-9D11-F55D12B167E5}.AppStore|iPhone.ActiveCfg = Release|Any CPU
		{CE7EDECA-658E-4559-9D11-F55D12B167E5}.AppStore|iPhone.Build.0 = Release|Any CPU
		{CE7EDECA-658E-4559-9D11-F55D12B167E5}.AppStore|iPhone.Deploy.0 = Release|Any CPU
		{CE7EDECA-658E-4559-9D11-F55D12B167E5}.AppStore|iPhoneSimulator.ActiveCfg = Release|Any CPU
		{CE7EDECA-658E-4559-9D11-F55D12B167E5}.AppStore|iPhoneSimulator.Build.0 = Release|Any CPU
		{CE7EDECA-658E-4559-9D11-F55D12B167E5}.AppStore|iPhoneSimulator.Deploy.0 = Release|Any CPU
		{CE7EDECA-658E-4559-9D11-F55D12B167E5}.AppStore|x64.ActiveCfg = Release|Any CPU
		{CE7EDECA-658E-4559-9D11-F55D12B167E5}.AppStore|x64.Build.0 = Release|Any CPU
		{CE7EDECA-658E-4559-9D11-F55D12B167E5}.AppStore|x64.Deploy.0 = Release|Any CPU
		{CE7EDECA-658E-4559-9D11-F55D12B167E5}.AppStore|x86.ActiveCfg = Release|x86
		{CE7EDECA-658E-4559-9D11-F55D12B167E5}.AppStore|x86.Build.0 = Release|x86
		{CE7EDECA-658E-4559-9D11-F55D12B167E5}.AppStore|x86.Deploy.0 = Release|x86
		{CE7EDECA-658E-4559-9D11-F55D12B167E5}.Debug|Any CPU.ActiveCfg = Debug|Any CPU
		{CE7EDECA-658E-4559-9D11-F55D12B167E5}.Debug|Any CPU.Build.0 = Debug|Any CPU
		{CE7EDECA-658E-4559-9D11-F55D12B167E5}.Debug|Any CPU.Deploy.0 = Debug|Any CPU
		{CE7EDECA-658E-4559-9D11-F55D12B167E5}.Debug|ARM.ActiveCfg = Debug|ARM
		{CE7EDECA-658E-4559-9D11-F55D12B167E5}.Debug|ARM.Build.0 = Debug|ARM
		{CE7EDECA-658E-4559-9D11-F55D12B167E5}.Debug|ARM.Deploy.0 = Debug|ARM
		{CE7EDECA-658E-4559-9D11-F55D12B167E5}.Debug|iPhone.ActiveCfg = Debug|Any CPU
		{CE7EDECA-658E-4559-9D11-F55D12B167E5}.Debug|iPhone.Build.0 = Debug|Any CPU
		{CE7EDECA-658E-4559-9D11-F55D12B167E5}.Debug|iPhone.Deploy.0 = Debug|Any CPU
		{CE7EDECA-658E-4559-9D11-F55D12B167E5}.Debug|iPhoneSimulator.ActiveCfg = Debug|Any CPU
		{CE7EDECA-658E-4559-9D11-F55D12B167E5}.Debug|iPhoneSimulator.Build.0 = Debug|Any CPU
		{CE7EDECA-658E-4559-9D11-F55D12B167E5}.Debug|iPhoneSimulator.Deploy.0 = Debug|Any CPU
		{CE7EDECA-658E-4559-9D11-F55D12B167E5}.Debug|x64.ActiveCfg = Debug|Any CPU
		{CE7EDECA-658E-4559-9D11-F55D12B167E5}.Debug|x64.Build.0 = Debug|Any CPU
		{CE7EDECA-658E-4559-9D11-F55D12B167E5}.Debug|x64.Deploy.0 = Debug|Any CPU
		{CE7EDECA-658E-4559-9D11-F55D12B167E5}.Debug|x86.ActiveCfg = Debug|x86
		{CE7EDECA-658E-4559-9D11-F55D12B167E5}.Debug|x86.Build.0 = Debug|x86
		{CE7EDECA-658E-4559-9D11-F55D12B167E5}.Debug|x86.Deploy.0 = Debug|x86
		{CE7EDECA-658E-4559-9D11-F55D12B167E5}.Release|Any CPU.ActiveCfg = Release|Any CPU
		{CE7EDECA-658E-4559-9D11-F55D12B167E5}.Release|Any CPU.Build.0 = Release|Any CPU
		{CE7EDECA-658E-4559-9D11-F55D12B167E5}.Release|Any CPU.Deploy.0 = Release|Any CPU
		{CE7EDECA-658E-4559-9D11-F55D12B167E5}.Release|ARM.ActiveCfg = Release|ARM
		{CE7EDECA-658E-4559-9D11-F55D12B167E5}.Release|ARM.Build.0 = Release|ARM
		{CE7EDECA-658E-4559-9D11-F55D12B167E5}.Release|ARM.Deploy.0 = Release|ARM
		{CE7EDECA-658E-4559-9D11-F55D12B167E5}.Release|iPhone.ActiveCfg = Release|Any CPU
		{CE7EDECA-658E-4559-9D11-F55D12B167E5}.Release|iPhone.Build.0 = Release|Any CPU
		{CE7EDECA-658E-4559-9D11-F55D12B167E5}.Release|iPhone.Deploy.0 = Release|Any CPU
		{CE7EDECA-658E-4559-9D11-F55D12B167E5}.Release|iPhoneSimulator.ActiveCfg = Release|Any CPU
		{CE7EDECA-658E-4559-9D11-F55D12B167E5}.Release|iPhoneSimulator.Build.0 = Release|Any CPU
		{CE7EDECA-658E-4559-9D11-F55D12B167E5}.Release|iPhoneSimulator.Deploy.0 = Release|Any CPU
		{CE7EDECA-658E-4559-9D11-F55D12B167E5}.Release|x64.ActiveCfg = Release|Any CPU
		{CE7EDECA-658E-4559-9D11-F55D12B167E5}.Release|x64.Build.0 = Release|Any CPU
		{CE7EDECA-658E-4559-9D11-F55D12B167E5}.Release|x64.Deploy.0 = Release|Any CPU
		{CE7EDECA-658E-4559-9D11-F55D12B167E5}.Release|x86.ActiveCfg = Release|x86
		{CE7EDECA-658E-4559-9D11-F55D12B167E5}.Release|x86.Build.0 = Release|x86
		{CE7EDECA-658E-4559-9D11-F55D12B167E5}.Release|x86.Deploy.0 = Release|x86
		{91F4C15E-1A57-4001-8A30-5C04DADB9B70}.Ad-Hoc|Any CPU.ActiveCfg = Release|x86
		{91F4C15E-1A57-4001-8A30-5C04DADB9B70}.Ad-Hoc|Any CPU.Build.0 = Release|x86
		{91F4C15E-1A57-4001-8A30-5C04DADB9B70}.Ad-Hoc|Any CPU.Deploy.0 = Release|x86
		{91F4C15E-1A57-4001-8A30-5C04DADB9B70}.Ad-Hoc|ARM.ActiveCfg = Release|ARM
		{91F4C15E-1A57-4001-8A30-5C04DADB9B70}.Ad-Hoc|ARM.Build.0 = Release|ARM
		{91F4C15E-1A57-4001-8A30-5C04DADB9B70}.Ad-Hoc|ARM.Deploy.0 = Release|ARM
		{91F4C15E-1A57-4001-8A30-5C04DADB9B70}.Ad-Hoc|iPhone.ActiveCfg = Release|x86
		{91F4C15E-1A57-4001-8A30-5C04DADB9B70}.Ad-Hoc|iPhone.Build.0 = Release|x86
		{91F4C15E-1A57-4001-8A30-5C04DADB9B70}.Ad-Hoc|iPhone.Deploy.0 = Release|x86
		{91F4C15E-1A57-4001-8A30-5C04DADB9B70}.Ad-Hoc|iPhoneSimulator.ActiveCfg = Release|x86
		{91F4C15E-1A57-4001-8A30-5C04DADB9B70}.Ad-Hoc|iPhoneSimulator.Build.0 = Release|x86
		{91F4C15E-1A57-4001-8A30-5C04DADB9B70}.Ad-Hoc|iPhoneSimulator.Deploy.0 = Release|x86
		{91F4C15E-1A57-4001-8A30-5C04DADB9B70}.Ad-Hoc|x64.ActiveCfg = Release|x64
		{91F4C15E-1A57-4001-8A30-5C04DADB9B70}.Ad-Hoc|x64.Build.0 = Release|x64
		{91F4C15E-1A57-4001-8A30-5C04DADB9B70}.Ad-Hoc|x64.Deploy.0 = Release|x64
		{91F4C15E-1A57-4001-8A30-5C04DADB9B70}.Ad-Hoc|x86.ActiveCfg = Release|x86
		{91F4C15E-1A57-4001-8A30-5C04DADB9B70}.Ad-Hoc|x86.Build.0 = Release|x86
		{91F4C15E-1A57-4001-8A30-5C04DADB9B70}.Ad-Hoc|x86.Deploy.0 = Release|x86
		{91F4C15E-1A57-4001-8A30-5C04DADB9B70}.AppStore|Any CPU.ActiveCfg = Release|x86
		{91F4C15E-1A57-4001-8A30-5C04DADB9B70}.AppStore|Any CPU.Build.0 = Release|x86
		{91F4C15E-1A57-4001-8A30-5C04DADB9B70}.AppStore|Any CPU.Deploy.0 = Release|x86
		{91F4C15E-1A57-4001-8A30-5C04DADB9B70}.AppStore|ARM.ActiveCfg = Release|ARM
		{91F4C15E-1A57-4001-8A30-5C04DADB9B70}.AppStore|ARM.Build.0 = Release|ARM
		{91F4C15E-1A57-4001-8A30-5C04DADB9B70}.AppStore|ARM.Deploy.0 = Release|ARM
		{91F4C15E-1A57-4001-8A30-5C04DADB9B70}.AppStore|iPhone.ActiveCfg = Release|x86
		{91F4C15E-1A57-4001-8A30-5C04DADB9B70}.AppStore|iPhone.Build.0 = Release|x86
		{91F4C15E-1A57-4001-8A30-5C04DADB9B70}.AppStore|iPhone.Deploy.0 = Release|x86
		{91F4C15E-1A57-4001-8A30-5C04DADB9B70}.AppStore|iPhoneSimulator.ActiveCfg = Release|x86
		{91F4C15E-1A57-4001-8A30-5C04DADB9B70}.AppStore|iPhoneSimulator.Build.0 = Release|x86
		{91F4C15E-1A57-4001-8A30-5C04DADB9B70}.AppStore|iPhoneSimulator.Deploy.0 = Release|x86
		{91F4C15E-1A57-4001-8A30-5C04DADB9B70}.AppStore|x64.ActiveCfg = Release|x64
		{91F4C15E-1A57-4001-8A30-5C04DADB9B70}.AppStore|x64.Build.0 = Release|x64
		{91F4C15E-1A57-4001-8A30-5C04DADB9B70}.AppStore|x64.Deploy.0 = Release|x64
		{91F4C15E-1A57-4001-8A30-5C04DADB9B70}.AppStore|x86.ActiveCfg = Release|x86
		{91F4C15E-1A57-4001-8A30-5C04DADB9B70}.AppStore|x86.Build.0 = Release|x86
		{91F4C15E-1A57-4001-8A30-5C04DADB9B70}.AppStore|x86.Deploy.0 = Release|x86
		{91F4C15E-1A57-4001-8A30-5C04DADB9B70}.Debug|Any CPU.ActiveCfg = Debug|x86
		{91F4C15E-1A57-4001-8A30-5C04DADB9B70}.Debug|ARM.ActiveCfg = Debug|ARM
		{91F4C15E-1A57-4001-8A30-5C04DADB9B70}.Debug|ARM.Build.0 = Debug|ARM
		{91F4C15E-1A57-4001-8A30-5C04DADB9B70}.Debug|ARM.Deploy.0 = Debug|ARM
		{91F4C15E-1A57-4001-8A30-5C04DADB9B70}.Debug|iPhone.ActiveCfg = Debug|x86
		{91F4C15E-1A57-4001-8A30-5C04DADB9B70}.Debug|iPhoneSimulator.ActiveCfg = Debug|x86
		{91F4C15E-1A57-4001-8A30-5C04DADB9B70}.Debug|x64.ActiveCfg = Debug|x64
		{91F4C15E-1A57-4001-8A30-5C04DADB9B70}.Debug|x64.Build.0 = Debug|x64
		{91F4C15E-1A57-4001-8A30-5C04DADB9B70}.Debug|x64.Deploy.0 = Debug|x64
		{91F4C15E-1A57-4001-8A30-5C04DADB9B70}.Debug|x86.ActiveCfg = Debug|x86
		{91F4C15E-1A57-4001-8A30-5C04DADB9B70}.Debug|x86.Build.0 = Debug|x86
		{91F4C15E-1A57-4001-8A30-5C04DADB9B70}.Debug|x86.Deploy.0 = Debug|x86
		{91F4C15E-1A57-4001-8A30-5C04DADB9B70}.Release|Any CPU.ActiveCfg = Release|x86
		{91F4C15E-1A57-4001-8A30-5C04DADB9B70}.Release|ARM.ActiveCfg = Release|ARM
		{91F4C15E-1A57-4001-8A30-5C04DADB9B70}.Release|ARM.Build.0 = Release|ARM
		{91F4C15E-1A57-4001-8A30-5C04DADB9B70}.Release|ARM.Deploy.0 = Release|ARM
		{91F4C15E-1A57-4001-8A30-5C04DADB9B70}.Release|iPhone.ActiveCfg = Release|x86
		{91F4C15E-1A57-4001-8A30-5C04DADB9B70}.Release|iPhoneSimulator.ActiveCfg = Release|x86
		{91F4C15E-1A57-4001-8A30-5C04DADB9B70}.Release|x64.ActiveCfg = Release|x64
		{91F4C15E-1A57-4001-8A30-5C04DADB9B70}.Release|x64.Build.0 = Release|x64
		{91F4C15E-1A57-4001-8A30-5C04DADB9B70}.Release|x64.Deploy.0 = Release|x64
		{91F4C15E-1A57-4001-8A30-5C04DADB9B70}.Release|x86.ActiveCfg = Release|x86
		{91F4C15E-1A57-4001-8A30-5C04DADB9B70}.Release|x86.Build.0 = Release|x86
		{91F4C15E-1A57-4001-8A30-5C04DADB9B70}.Release|x86.Deploy.0 = Release|x86
		{DA363BB5-5D8B-408F-8F02-15BEF0D3DD26}.Ad-Hoc|Any CPU.ActiveCfg = Release|Any CPU
		{DA363BB5-5D8B-408F-8F02-15BEF0D3DD26}.Ad-Hoc|Any CPU.Build.0 = Release|Any CPU
		{DA363BB5-5D8B-408F-8F02-15BEF0D3DD26}.Ad-Hoc|Any CPU.Deploy.0 = Release|Any CPU
		{DA363BB5-5D8B-408F-8F02-15BEF0D3DD26}.Ad-Hoc|ARM.ActiveCfg = Release|ARM
		{DA363BB5-5D8B-408F-8F02-15BEF0D3DD26}.Ad-Hoc|ARM.Build.0 = Release|ARM
		{DA363BB5-5D8B-408F-8F02-15BEF0D3DD26}.Ad-Hoc|ARM.Deploy.0 = Release|ARM
		{DA363BB5-5D8B-408F-8F02-15BEF0D3DD26}.Ad-Hoc|iPhone.ActiveCfg = Release|Any CPU
		{DA363BB5-5D8B-408F-8F02-15BEF0D3DD26}.Ad-Hoc|iPhone.Build.0 = Release|Any CPU
		{DA363BB5-5D8B-408F-8F02-15BEF0D3DD26}.Ad-Hoc|iPhone.Deploy.0 = Release|Any CPU
		{DA363BB5-5D8B-408F-8F02-15BEF0D3DD26}.Ad-Hoc|iPhoneSimulator.ActiveCfg = Release|Any CPU
		{DA363BB5-5D8B-408F-8F02-15BEF0D3DD26}.Ad-Hoc|iPhoneSimulator.Build.0 = Release|Any CPU
		{DA363BB5-5D8B-408F-8F02-15BEF0D3DD26}.Ad-Hoc|iPhoneSimulator.Deploy.0 = Release|Any CPU
		{DA363BB5-5D8B-408F-8F02-15BEF0D3DD26}.Ad-Hoc|x64.ActiveCfg = Release|x64
		{DA363BB5-5D8B-408F-8F02-15BEF0D3DD26}.Ad-Hoc|x64.Build.0 = Release|x64
		{DA363BB5-5D8B-408F-8F02-15BEF0D3DD26}.Ad-Hoc|x64.Deploy.0 = Release|x64
		{DA363BB5-5D8B-408F-8F02-15BEF0D3DD26}.Ad-Hoc|x86.ActiveCfg = Release|x86
		{DA363BB5-5D8B-408F-8F02-15BEF0D3DD26}.Ad-Hoc|x86.Build.0 = Release|x86
		{DA363BB5-5D8B-408F-8F02-15BEF0D3DD26}.Ad-Hoc|x86.Deploy.0 = Release|x86
		{DA363BB5-5D8B-408F-8F02-15BEF0D3DD26}.AppStore|Any CPU.ActiveCfg = Release|Any CPU
		{DA363BB5-5D8B-408F-8F02-15BEF0D3DD26}.AppStore|Any CPU.Build.0 = Release|Any CPU
		{DA363BB5-5D8B-408F-8F02-15BEF0D3DD26}.AppStore|Any CPU.Deploy.0 = Release|Any CPU
		{DA363BB5-5D8B-408F-8F02-15BEF0D3DD26}.AppStore|ARM.ActiveCfg = Release|ARM
		{DA363BB5-5D8B-408F-8F02-15BEF0D3DD26}.AppStore|ARM.Build.0 = Release|ARM
		{DA363BB5-5D8B-408F-8F02-15BEF0D3DD26}.AppStore|ARM.Deploy.0 = Release|ARM
		{DA363BB5-5D8B-408F-8F02-15BEF0D3DD26}.AppStore|iPhone.ActiveCfg = Release|Any CPU
		{DA363BB5-5D8B-408F-8F02-15BEF0D3DD26}.AppStore|iPhone.Build.0 = Release|Any CPU
		{DA363BB5-5D8B-408F-8F02-15BEF0D3DD26}.AppStore|iPhone.Deploy.0 = Release|Any CPU
		{DA363BB5-5D8B-408F-8F02-15BEF0D3DD26}.AppStore|iPhoneSimulator.ActiveCfg = Release|Any CPU
		{DA363BB5-5D8B-408F-8F02-15BEF0D3DD26}.AppStore|iPhoneSimulator.Build.0 = Release|Any CPU
		{DA363BB5-5D8B-408F-8F02-15BEF0D3DD26}.AppStore|iPhoneSimulator.Deploy.0 = Release|Any CPU
		{DA363BB5-5D8B-408F-8F02-15BEF0D3DD26}.AppStore|x64.ActiveCfg = Release|x64
		{DA363BB5-5D8B-408F-8F02-15BEF0D3DD26}.AppStore|x64.Build.0 = Release|x64
		{DA363BB5-5D8B-408F-8F02-15BEF0D3DD26}.AppStore|x64.Deploy.0 = Release|x64
		{DA363BB5-5D8B-408F-8F02-15BEF0D3DD26}.AppStore|x86.ActiveCfg = Release|x86
		{DA363BB5-5D8B-408F-8F02-15BEF0D3DD26}.AppStore|x86.Build.0 = Release|x86
		{DA363BB5-5D8B-408F-8F02-15BEF0D3DD26}.AppStore|x86.Deploy.0 = Release|x86
		{DA363BB5-5D8B-408F-8F02-15BEF0D3DD26}.Debug|Any CPU.ActiveCfg = Debug|Any CPU
		{DA363BB5-5D8B-408F-8F02-15BEF0D3DD26}.Debug|Any CPU.Build.0 = Debug|Any CPU
		{DA363BB5-5D8B-408F-8F02-15BEF0D3DD26}.Debug|Any CPU.Deploy.0 = Debug|Any CPU
		{DA363BB5-5D8B-408F-8F02-15BEF0D3DD26}.Debug|ARM.ActiveCfg = Debug|ARM
		{DA363BB5-5D8B-408F-8F02-15BEF0D3DD26}.Debug|ARM.Build.0 = Debug|ARM
		{DA363BB5-5D8B-408F-8F02-15BEF0D3DD26}.Debug|ARM.Deploy.0 = Debug|ARM
		{DA363BB5-5D8B-408F-8F02-15BEF0D3DD26}.Debug|iPhone.ActiveCfg = Debug|Any CPU
		{DA363BB5-5D8B-408F-8F02-15BEF0D3DD26}.Debug|iPhone.Build.0 = Debug|Any CPU
		{DA363BB5-5D8B-408F-8F02-15BEF0D3DD26}.Debug|iPhone.Deploy.0 = Debug|Any CPU
		{DA363BB5-5D8B-408F-8F02-15BEF0D3DD26}.Debug|iPhoneSimulator.ActiveCfg = Debug|Any CPU
		{DA363BB5-5D8B-408F-8F02-15BEF0D3DD26}.Debug|iPhoneSimulator.Build.0 = Debug|Any CPU
		{DA363BB5-5D8B-408F-8F02-15BEF0D3DD26}.Debug|iPhoneSimulator.Deploy.0 = Debug|Any CPU
		{DA363BB5-5D8B-408F-8F02-15BEF0D3DD26}.Debug|x64.ActiveCfg = Debug|x64
		{DA363BB5-5D8B-408F-8F02-15BEF0D3DD26}.Debug|x64.Build.0 = Debug|x64
		{DA363BB5-5D8B-408F-8F02-15BEF0D3DD26}.Debug|x64.Deploy.0 = Debug|x64
		{DA363BB5-5D8B-408F-8F02-15BEF0D3DD26}.Debug|x86.ActiveCfg = Debug|x86
		{DA363BB5-5D8B-408F-8F02-15BEF0D3DD26}.Debug|x86.Build.0 = Debug|x86
		{DA363BB5-5D8B-408F-8F02-15BEF0D3DD26}.Debug|x86.Deploy.0 = Debug|x86
		{DA363BB5-5D8B-408F-8F02-15BEF0D3DD26}.Release|Any CPU.ActiveCfg = Release|Any CPU
		{DA363BB5-5D8B-408F-8F02-15BEF0D3DD26}.Release|Any CPU.Build.0 = Release|Any CPU
		{DA363BB5-5D8B-408F-8F02-15BEF0D3DD26}.Release|Any CPU.Deploy.0 = Release|Any CPU
		{DA363BB5-5D8B-408F-8F02-15BEF0D3DD26}.Release|ARM.ActiveCfg = Release|ARM
		{DA363BB5-5D8B-408F-8F02-15BEF0D3DD26}.Release|ARM.Build.0 = Release|ARM
		{DA363BB5-5D8B-408F-8F02-15BEF0D3DD26}.Release|ARM.Deploy.0 = Release|ARM
		{DA363BB5-5D8B-408F-8F02-15BEF0D3DD26}.Release|iPhone.ActiveCfg = Release|Any CPU
		{DA363BB5-5D8B-408F-8F02-15BEF0D3DD26}.Release|iPhone.Build.0 = Release|Any CPU
		{DA363BB5-5D8B-408F-8F02-15BEF0D3DD26}.Release|iPhone.Deploy.0 = Release|Any CPU
		{DA363BB5-5D8B-408F-8F02-15BEF0D3DD26}.Release|iPhoneSimulator.ActiveCfg = Release|Any CPU
		{DA363BB5-5D8B-408F-8F02-15BEF0D3DD26}.Release|iPhoneSimulator.Build.0 = Release|Any CPU
		{DA363BB5-5D8B-408F-8F02-15BEF0D3DD26}.Release|iPhoneSimulator.Deploy.0 = Release|Any CPU
		{DA363BB5-5D8B-408F-8F02-15BEF0D3DD26}.Release|x64.ActiveCfg = Release|x64
		{DA363BB5-5D8B-408F-8F02-15BEF0D3DD26}.Release|x64.Build.0 = Release|x64
		{DA363BB5-5D8B-408F-8F02-15BEF0D3DD26}.Release|x64.Deploy.0 = Release|x64
		{DA363BB5-5D8B-408F-8F02-15BEF0D3DD26}.Release|x86.ActiveCfg = Release|x86
		{DA363BB5-5D8B-408F-8F02-15BEF0D3DD26}.Release|x86.Build.0 = Release|x86
		{DA363BB5-5D8B-408F-8F02-15BEF0D3DD26}.Release|x86.Deploy.0 = Release|x86
	EndGlobalSection
	GlobalSection(SolutionProperties) = preSolution
		HideSolutionNode = FALSE
	EndGlobalSection
EndGlobal
