
Microsoft Visual Studio Solution File, Format Version 12.00
# Visual Studio 14
VisualStudioVersion = 14.0.25420.1
MinimumVisualStudioVersion = 10.0.40219.1
Project("{FAE04EC0-301F-11D3-BF4B-00C04F79EFBC}") = "MVM", "MVM\MVM\MVM.csproj", "{94C85453-43EB-4901-9C80-535774CDA85F}"
EndProject
Project("{FAE04EC0-301F-11D3-BF4B-00C04F79EFBC}") = "MVM.Droid", "MVM\MVM.Droid\MVM.Droid.csproj", "{836F54A9-4811-4BFA-AC3A-4F381314A914}"
EndProject
Project("{FAE04EC0-301F-11D3-BF4B-00C04F79EFBC}") = "MVM.iOS", "MVM\MVM.iOS\MVM.iOS.csproj", "{94B09950-8BA8-4A70-B27A-2C6AF820DB73}"
EndProject
Project("{FAE04EC0-301F-11D3-BF4B-00C04F79EFBC}") = "MVM.WinPhone", "MVM\MVM.WinPhone\MVM.WinPhone.csproj", "{00E73AA1-1CA5-416E-8EE7-2239D531380C}"
EndProject
Project("{FAE04EC0-301F-11D3-BF4B-00C04F79EFBC}") = "MVM.UWP", "MVM\MVM.UWP\MVM.UWP.csproj", "{FDA98856-6A3A-408E-8840-68E93445EF6E}"
EndProject
Project("{FAE04EC0-301F-11D3-BF4B-00C04F79EFBC}") = "MVM.Windows", "MVM\MVM.Windows\MVM.Windows.csproj", "{CB7BB77A-149F-4067-9906-634CFB75546E}"
EndProject
Global
	GlobalSection(SolutionConfigurationPlatforms) = preSolution
		Ad-Hoc|Any CPU = Ad-Hoc|Any CPU
		Ad-Hoc|ARM = Ad-Hoc|ARM
		Ad-Hoc|iPhone = Ad-Hoc|iPhone
		Ad-Hoc|iPhoneSimulator = Ad-Hoc|iPhoneSimulator
		Ad-Hoc|x64 = Ad-Hoc|x64
		Ad-Hoc|x86 = Ad-Hoc|x86
		AppStore|Any CPU = AppStore|Any CPU
		AppStore|ARM = AppStore|ARM
		AppStore|iPhone = AppStore|iPhone
		AppStore|iPhoneSimulator = AppStore|iPhoneSimulator
		AppStore|x64 = AppStore|x64
		AppStore|x86 = AppStore|x86
		Debug|Any CPU = Debug|Any CPU
		Debug|ARM = Debug|ARM
		Debug|iPhone = Debug|iPhone
		Debug|iPhoneSimulator = Debug|iPhoneSimulator
		Debug|x64 = Debug|x64
		Debug|x86 = Debug|x86
		Release|Any CPU = Release|Any CPU
		Release|ARM = Release|ARM
		Release|iPhone = Release|iPhone
		Release|iPhoneSimulator = Release|iPhoneSimulator
		Release|x64 = Release|x64
		Release|x86 = Release|x86
	EndGlobalSection
	GlobalSection(ProjectConfigurationPlatforms) = postSolution
		{94C85453-43EB-4901-9C80-535774CDA85F}.Ad-Hoc|Any CPU.ActiveCfg = Release|Any CPU
		{94C85453-43EB-4901-9C80-535774CDA85F}.Ad-Hoc|Any CPU.Build.0 = Release|Any CPU
		{94C85453-43EB-4901-9C80-535774CDA85F}.Ad-Hoc|ARM.ActiveCfg = Release|Any CPU
		{94C85453-43EB-4901-9C80-535774CDA85F}.Ad-Hoc|ARM.Build.0 = Release|Any CPU
		{94C85453-43EB-4901-9C80-535774CDA85F}.Ad-Hoc|iPhone.ActiveCfg = Release|Any CPU
		{94C85453-43EB-4901-9C80-535774CDA85F}.Ad-Hoc|iPhone.Build.0 = Release|Any CPU
		{94C85453-43EB-4901-9C80-535774CDA85F}.Ad-Hoc|iPhoneSimulator.ActiveCfg = Release|Any CPU
		{94C85453-43EB-4901-9C80-535774CDA85F}.Ad-Hoc|iPhoneSimulator.Build.0 = Release|Any CPU
		{94C85453-43EB-4901-9C80-535774CDA85F}.Ad-Hoc|x64.ActiveCfg = Release|Any CPU
		{94C85453-43EB-4901-9C80-535774CDA85F}.Ad-Hoc|x64.Build.0 = Release|Any CPU
		{94C85453-43EB-4901-9C80-535774CDA85F}.Ad-Hoc|x86.ActiveCfg = Release|Any CPU
		{94C85453-43EB-4901-9C80-535774CDA85F}.Ad-Hoc|x86.Build.0 = Release|Any CPU
		{94C85453-43EB-4901-9C80-535774CDA85F}.AppStore|Any CPU.ActiveCfg = Release|Any CPU
		{94C85453-43EB-4901-9C80-535774CDA85F}.AppStore|Any CPU.Build.0 = Release|Any CPU
		{94C85453-43EB-4901-9C80-535774CDA85F}.AppStore|ARM.ActiveCfg = Release|Any CPU
		{94C85453-43EB-4901-9C80-535774CDA85F}.AppStore|ARM.Build.0 = Release|Any CPU
		{94C85453-43EB-4901-9C80-535774CDA85F}.AppStore|iPhone.ActiveCfg = Release|Any CPU
		{94C85453-43EB-4901-9C80-535774CDA85F}.AppStore|iPhone.Build.0 = Release|Any CPU
		{94C85453-43EB-4901-9C80-535774CDA85F}.AppStore|iPhoneSimulator.ActiveCfg = Release|Any CPU
		{94C85453-43EB-4901-9C80-535774CDA85F}.AppStore|iPhoneSimulator.Build.0 = Release|Any CPU
		{94C85453-43EB-4901-9C80-535774CDA85F}.AppStore|x64.ActiveCfg = Release|Any CPU
		{94C85453-43EB-4901-9C80-535774CDA85F}.AppStore|x64.Build.0 = Release|Any CPU
		{94C85453-43EB-4901-9C80-535774CDA85F}.AppStore|x86.ActiveCfg = Release|Any CPU
		{94C85453-43EB-4901-9C80-535774CDA85F}.AppStore|x86.Build.0 = Release|Any CPU
		{94C85453-43EB-4901-9C80-535774CDA85F}.Debug|Any CPU.ActiveCfg = Debug|Any CPU
		{94C85453-43EB-4901-9C80-535774CDA85F}.Debug|Any CPU.Build.0 = Debug|Any CPU
		{94C85453-43EB-4901-9C80-535774CDA85F}.Debug|ARM.ActiveCfg = Debug|Any CPU
		{94C85453-43EB-4901-9C80-535774CDA85F}.Debug|ARM.Build.0 = Debug|Any CPU
		{94C85453-43EB-4901-9C80-535774CDA85F}.Debug|iPhone.ActiveCfg = Debug|Any CPU
		{94C85453-43EB-4901-9C80-535774CDA85F}.Debug|iPhone.Build.0 = Debug|Any CPU
		{94C85453-43EB-4901-9C80-535774CDA85F}.Debug|iPhoneSimulator.ActiveCfg = Debug|Any CPU
		{94C85453-43EB-4901-9C80-535774CDA85F}.Debug|iPhoneSimulator.Build.0 = Debug|Any CPU
		{94C85453-43EB-4901-9C80-535774CDA85F}.Debug|x64.ActiveCfg = Debug|Any CPU
		{94C85453-43EB-4901-9C80-535774CDA85F}.Debug|x64.Build.0 = Debug|Any CPU
		{94C85453-43EB-4901-9C80-535774CDA85F}.Debug|x86.ActiveCfg = Debug|Any CPU
		{94C85453-43EB-4901-9C80-535774CDA85F}.Debug|x86.Build.0 = Debug|Any CPU
		{94C85453-43EB-4901-9C80-535774CDA85F}.Release|Any CPU.ActiveCfg = Release|Any CPU
		{94C85453-43EB-4901-9C80-535774CDA85F}.Release|Any CPU.Build.0 = Release|Any CPU
		{94C85453-43EB-4901-9C80-535774CDA85F}.Release|ARM.ActiveCfg = Release|Any CPU
		{94C85453-43EB-4901-9C80-535774CDA85F}.Release|ARM.Build.0 = Release|Any CPU
		{94C85453-43EB-4901-9C80-535774CDA85F}.Release|iPhone.ActiveCfg = Release|Any CPU
		{94C85453-43EB-4901-9C80-535774CDA85F}.Release|iPhone.Build.0 = Release|Any CPU
		{94C85453-43EB-4901-9C80-535774CDA85F}.Release|iPhoneSimulator.ActiveCfg = Release|Any CPU
		{94C85453-43EB-4901-9C80-535774CDA85F}.Release|iPhoneSimulator.Build.0 = Release|Any CPU
		{94C85453-43EB-4901-9C80-535774CDA85F}.Release|x64.ActiveCfg = Release|Any CPU
		{94C85453-43EB-4901-9C80-535774CDA85F}.Release|x64.Build.0 = Release|Any CPU
		{94C85453-43EB-4901-9C80-535774CDA85F}.Release|x86.ActiveCfg = Release|Any CPU
		{94C85453-43EB-4901-9C80-535774CDA85F}.Release|x86.Build.0 = Release|Any CPU
		{836F54A9-4811-4BFA-AC3A-4F381314A914}.Ad-Hoc|Any CPU.ActiveCfg = Release|Any CPU
		{836F54A9-4811-4BFA-AC3A-4F381314A914}.Ad-Hoc|Any CPU.Build.0 = Release|Any CPU
		{836F54A9-4811-4BFA-AC3A-4F381314A914}.Ad-Hoc|Any CPU.Deploy.0 = Release|Any CPU
		{836F54A9-4811-4BFA-AC3A-4F381314A914}.Ad-Hoc|ARM.ActiveCfg = Release|Any CPU
		{836F54A9-4811-4BFA-AC3A-4F381314A914}.Ad-Hoc|ARM.Build.0 = Release|Any CPU
		{836F54A9-4811-4BFA-AC3A-4F381314A914}.Ad-Hoc|ARM.Deploy.0 = Release|Any CPU
		{836F54A9-4811-4BFA-AC3A-4F381314A914}.Ad-Hoc|iPhone.ActiveCfg = Release|Any CPU
		{836F54A9-4811-4BFA-AC3A-4F381314A914}.Ad-Hoc|iPhone.Build.0 = Release|Any CPU
		{836F54A9-4811-4BFA-AC3A-4F381314A914}.Ad-Hoc|iPhone.Deploy.0 = Release|Any CPU
		{836F54A9-4811-4BFA-AC3A-4F381314A914}.Ad-Hoc|iPhoneSimulator.ActiveCfg = Release|Any CPU
		{836F54A9-4811-4BFA-AC3A-4F381314A914}.Ad-Hoc|iPhoneSimulator.Build.0 = Release|Any CPU
		{836F54A9-4811-4BFA-AC3A-4F381314A914}.Ad-Hoc|iPhoneSimulator.Deploy.0 = Release|Any CPU
		{836F54A9-4811-4BFA-AC3A-4F381314A914}.Ad-Hoc|x64.ActiveCfg = Release|Any CPU
		{836F54A9-4811-4BFA-AC3A-4F381314A914}.Ad-Hoc|x64.Build.0 = Release|Any CPU
		{836F54A9-4811-4BFA-AC3A-4F381314A914}.Ad-Hoc|x64.Deploy.0 = Release|Any CPU
		{836F54A9-4811-4BFA-AC3A-4F381314A914}.Ad-Hoc|x86.ActiveCfg = Release|Any CPU
		{836F54A9-4811-4BFA-AC3A-4F381314A914}.Ad-Hoc|x86.Build.0 = Release|Any CPU
		{836F54A9-4811-4BFA-AC3A-4F381314A914}.Ad-Hoc|x86.Deploy.0 = Release|Any CPU
		{836F54A9-4811-4BFA-AC3A-4F381314A914}.AppStore|Any CPU.ActiveCfg = Release|Any CPU
		{836F54A9-4811-4BFA-AC3A-4F381314A914}.AppStore|Any CPU.Build.0 = Release|Any CPU
		{836F54A9-4811-4BFA-AC3A-4F381314A914}.AppStore|Any CPU.Deploy.0 = Release|Any CPU
		{836F54A9-4811-4BFA-AC3A-4F381314A914}.AppStore|ARM.ActiveCfg = Release|Any CPU
		{836F54A9-4811-4BFA-AC3A-4F381314A914}.AppStore|ARM.Build.0 = Release|Any CPU
		{836F54A9-4811-4BFA-AC3A-4F381314A914}.AppStore|ARM.Deploy.0 = Release|Any CPU
		{836F54A9-4811-4BFA-AC3A-4F381314A914}.AppStore|iPhone.ActiveCfg = Release|Any CPU
		{836F54A9-4811-4BFA-AC3A-4F381314A914}.AppStore|iPhone.Build.0 = Release|Any CPU
		{836F54A9-4811-4BFA-AC3A-4F381314A914}.AppStore|iPhone.Deploy.0 = Release|Any CPU
		{836F54A9-4811-4BFA-AC3A-4F381314A914}.AppStore|iPhoneSimulator.ActiveCfg = Release|Any CPU
		{836F54A9-4811-4BFA-AC3A-4F381314A914}.AppStore|iPhoneSimulator.Build.0 = Release|Any CPU
		{836F54A9-4811-4BFA-AC3A-4F381314A914}.AppStore|iPhoneSimulator.Deploy.0 = Release|Any CPU
		{836F54A9-4811-4BFA-AC3A-4F381314A914}.AppStore|x64.ActiveCfg = Release|Any CPU
		{836F54A9-4811-4BFA-AC3A-4F381314A914}.AppStore|x64.Build.0 = Release|Any CPU
		{836F54A9-4811-4BFA-AC3A-4F381314A914}.AppStore|x64.Deploy.0 = Release|Any CPU
		{836F54A9-4811-4BFA-AC3A-4F381314A914}.AppStore|x86.ActiveCfg = Release|Any CPU
		{836F54A9-4811-4BFA-AC3A-4F381314A914}.AppStore|x86.Build.0 = Release|Any CPU
		{836F54A9-4811-4BFA-AC3A-4F381314A914}.AppStore|x86.Deploy.0 = Release|Any CPU
		{836F54A9-4811-4BFA-AC3A-4F381314A914}.Debug|Any CPU.ActiveCfg = Debug|Any CPU
		{836F54A9-4811-4BFA-AC3A-4F381314A914}.Debug|Any CPU.Build.0 = Debug|Any CPU
		{836F54A9-4811-4BFA-AC3A-4F381314A914}.Debug|Any CPU.Deploy.0 = Debug|Any CPU
		{836F54A9-4811-4BFA-AC3A-4F381314A914}.Debug|ARM.ActiveCfg = Debug|Any CPU
		{836F54A9-4811-4BFA-AC3A-4F381314A914}.Debug|ARM.Build.0 = Debug|Any CPU
		{836F54A9-4811-4BFA-AC3A-4F381314A914}.Debug|ARM.Deploy.0 = Debug|Any CPU
		{836F54A9-4811-4BFA-AC3A-4F381314A914}.Debug|iPhone.ActiveCfg = Debug|Any CPU
		{836F54A9-4811-4BFA-AC3A-4F381314A914}.Debug|iPhone.Build.0 = Debug|Any CPU
		{836F54A9-4811-4BFA-AC3A-4F381314A914}.Debug|iPhone.Deploy.0 = Debug|Any CPU
		{836F54A9-4811-4BFA-AC3A-4F381314A914}.Debug|iPhoneSimulator.ActiveCfg = Debug|Any CPU
		{836F54A9-4811-4BFA-AC3A-4F381314A914}.Debug|iPhoneSimulator.Build.0 = Debug|Any CPU
		{836F54A9-4811-4BFA-AC3A-4F381314A914}.Debug|iPhoneSimulator.Deploy.0 = Debug|Any CPU
		{836F54A9-4811-4BFA-AC3A-4F381314A914}.Debug|x64.ActiveCfg = Debug|Any CPU
		{836F54A9-4811-4BFA-AC3A-4F381314A914}.Debug|x64.Build.0 = Debug|Any CPU
		{836F54A9-4811-4BFA-AC3A-4F381314A914}.Debug|x64.Deploy.0 = Debug|Any CPU
		{836F54A9-4811-4BFA-AC3A-4F381314A914}.Debug|x86.ActiveCfg = Debug|Any CPU
		{836F54A9-4811-4BFA-AC3A-4F381314A914}.Debug|x86.Build.0 = Debug|Any CPU
		{836F54A9-4811-4BFA-AC3A-4F381314A914}.Debug|x86.Deploy.0 = Debug|Any CPU
		{836F54A9-4811-4BFA-AC3A-4F381314A914}.Release|Any CPU.ActiveCfg = Release|Any CPU
		{836F54A9-4811-4BFA-AC3A-4F381314A914}.Release|Any CPU.Build.0 = Release|Any CPU
		{836F54A9-4811-4BFA-AC3A-4F381314A914}.Release|Any CPU.Deploy.0 = Release|Any CPU
		{836F54A9-4811-4BFA-AC3A-4F381314A914}.Release|ARM.ActiveCfg = Release|Any CPU
		{836F54A9-4811-4BFA-AC3A-4F381314A914}.Release|ARM.Build.0 = Release|Any CPU
		{836F54A9-4811-4BFA-AC3A-4F381314A914}.Release|ARM.Deploy.0 = Release|Any CPU
		{836F54A9-4811-4BFA-AC3A-4F381314A914}.Release|iPhone.ActiveCfg = Release|Any CPU
		{836F54A9-4811-4BFA-AC3A-4F381314A914}.Release|iPhone.Build.0 = Release|Any CPU
		{836F54A9-4811-4BFA-AC3A-4F381314A914}.Release|iPhone.Deploy.0 = Release|Any CPU
		{836F54A9-4811-4BFA-AC3A-4F381314A914}.Release|iPhoneSimulator.ActiveCfg = Release|Any CPU
		{836F54A9-4811-4BFA-AC3A-4F381314A914}.Release|iPhoneSimulator.Build.0 = Release|Any CPU
		{836F54A9-4811-4BFA-AC3A-4F381314A914}.Release|iPhoneSimulator.Deploy.0 = Release|Any CPU
		{836F54A9-4811-4BFA-AC3A-4F381314A914}.Release|x64.ActiveCfg = Release|Any CPU
		{836F54A9-4811-4BFA-AC3A-4F381314A914}.Release|x64.Build.0 = Release|Any CPU
		{836F54A9-4811-4BFA-AC3A-4F381314A914}.Release|x64.Deploy.0 = Release|Any CPU
		{836F54A9-4811-4BFA-AC3A-4F381314A914}.Release|x86.ActiveCfg = Release|Any CPU
		{836F54A9-4811-4BFA-AC3A-4F381314A914}.Release|x86.Build.0 = Release|Any CPU
		{836F54A9-4811-4BFA-AC3A-4F381314A914}.Release|x86.Deploy.0 = Release|Any CPU
		{94B09950-8BA8-4A70-B27A-2C6AF820DB73}.Ad-Hoc|Any CPU.ActiveCfg = Ad-Hoc|iPhone
		{94B09950-8BA8-4A70-B27A-2C6AF820DB73}.Ad-Hoc|ARM.ActiveCfg = Ad-Hoc|iPhone
		{94B09950-8BA8-4A70-B27A-2C6AF820DB73}.Ad-Hoc|iPhone.ActiveCfg = Ad-Hoc|iPhone
		{94B09950-8BA8-4A70-B27A-2C6AF820DB73}.Ad-Hoc|iPhone.Build.0 = Ad-Hoc|iPhone
		{94B09950-8BA8-4A70-B27A-2C6AF820DB73}.Ad-Hoc|iPhoneSimulator.ActiveCfg = Ad-Hoc|iPhoneSimulator
		{94B09950-8BA8-4A70-B27A-2C6AF820DB73}.Ad-Hoc|iPhoneSimulator.Build.0 = Ad-Hoc|iPhoneSimulator
		{94B09950-8BA8-4A70-B27A-2C6AF820DB73}.Ad-Hoc|x64.ActiveCfg = Ad-Hoc|iPhone
		{94B09950-8BA8-4A70-B27A-2C6AF820DB73}.Ad-Hoc|x86.ActiveCfg = Ad-Hoc|iPhone
		{94B09950-8BA8-4A70-B27A-2C6AF820DB73}.AppStore|Any CPU.ActiveCfg = AppStore|iPhone
		{94B09950-8BA8-4A70-B27A-2C6AF820DB73}.AppStore|ARM.ActiveCfg = AppStore|iPhone
		{94B09950-8BA8-4A70-B27A-2C6AF820DB73}.AppStore|iPhone.ActiveCfg = AppStore|iPhone
		{94B09950-8BA8-4A70-B27A-2C6AF820DB73}.AppStore|iPhone.Build.0 = AppStore|iPhone
		{94B09950-8BA8-4A70-B27A-2C6AF820DB73}.AppStore|iPhoneSimulator.ActiveCfg = AppStore|iPhoneSimulator
		{94B09950-8BA8-4A70-B27A-2C6AF820DB73}.AppStore|iPhoneSimulator.Build.0 = AppStore|iPhoneSimulator
		{94B09950-8BA8-4A70-B27A-2C6AF820DB73}.AppStore|x64.ActiveCfg = AppStore|iPhone
		{94B09950-8BA8-4A70-B27A-2C6AF820DB73}.AppStore|x86.ActiveCfg = AppStore|iPhone
		{94B09950-8BA8-4A70-B27A-2C6AF820DB73}.Debug|Any CPU.ActiveCfg = Debug|iPhone
		{94B09950-8BA8-4A70-B27A-2C6AF820DB73}.Debug|ARM.ActiveCfg = Debug|iPhone
		{94B09950-8BA8-4A70-B27A-2C6AF820DB73}.Debug|iPhone.ActiveCfg = Debug|iPhone
		{94B09950-8BA8-4A70-B27A-2C6AF820DB73}.Debug|iPhone.Build.0 = Debug|iPhone
		{94B09950-8BA8-4A70-B27A-2C6AF820DB73}.Debug|iPhoneSimulator.ActiveCfg = Debug|iPhoneSimulator
		{94B09950-8BA8-4A70-B27A-2C6AF820DB73}.Debug|iPhoneSimulator.Build.0 = Debug|iPhoneSimulator
		{94B09950-8BA8-4A70-B27A-2C6AF820DB73}.Debug|x64.ActiveCfg = Debug|iPhone
		{94B09950-8BA8-4A70-B27A-2C6AF820DB73}.Debug|x86.ActiveCfg = Debug|iPhone
		{94B09950-8BA8-4A70-B27A-2C6AF820DB73}.Release|Any CPU.ActiveCfg = Release|iPhone
		{94B09950-8BA8-4A70-B27A-2C6AF820DB73}.Release|ARM.ActiveCfg = Release|iPhone
		{94B09950-8BA8-4A70-B27A-2C6AF820DB73}.Release|iPhone.ActiveCfg = Release|iPhone
		{94B09950-8BA8-4A70-B27A-2C6AF820DB73}.Release|iPhone.Build.0 = Release|iPhone
		{94B09950-8BA8-4A70-B27A-2C6AF820DB73}.Release|iPhoneSimulator.ActiveCfg = Release|iPhoneSimulator
		{94B09950-8BA8-4A70-B27A-2C6AF820DB73}.Release|iPhoneSimulator.Build.0 = Release|iPhoneSimulator
		{94B09950-8BA8-4A70-B27A-2C6AF820DB73}.Release|x64.ActiveCfg = Release|iPhone
		{94B09950-8BA8-4A70-B27A-2C6AF820DB73}.Release|x86.ActiveCfg = Release|iPhone
		{00E73AA1-1CA5-416E-8EE7-2239D531380C}.Ad-Hoc|Any CPU.ActiveCfg = Release|Any CPU
		{00E73AA1-1CA5-416E-8EE7-2239D531380C}.Ad-Hoc|Any CPU.Build.0 = Release|Any CPU
		{00E73AA1-1CA5-416E-8EE7-2239D531380C}.Ad-Hoc|Any CPU.Deploy.0 = Release|Any CPU
		{00E73AA1-1CA5-416E-8EE7-2239D531380C}.Ad-Hoc|ARM.ActiveCfg = Release|ARM
		{00E73AA1-1CA5-416E-8EE7-2239D531380C}.Ad-Hoc|ARM.Build.0 = Release|ARM
		{00E73AA1-1CA5-416E-8EE7-2239D531380C}.Ad-Hoc|ARM.Deploy.0 = Release|ARM
		{00E73AA1-1CA5-416E-8EE7-2239D531380C}.Ad-Hoc|iPhone.ActiveCfg = Release|Any CPU
		{00E73AA1-1CA5-416E-8EE7-2239D531380C}.Ad-Hoc|iPhone.Build.0 = Release|Any CPU
		{00E73AA1-1CA5-416E-8EE7-2239D531380C}.Ad-Hoc|iPhone.Deploy.0 = Release|Any CPU
		{00E73AA1-1CA5-416E-8EE7-2239D531380C}.Ad-Hoc|iPhoneSimulator.ActiveCfg = Release|Any CPU
		{00E73AA1-1CA5-416E-8EE7-2239D531380C}.Ad-Hoc|iPhoneSimulator.Build.0 = Release|Any CPU
		{00E73AA1-1CA5-416E-8EE7-2239D531380C}.Ad-Hoc|iPhoneSimulator.Deploy.0 = Release|Any CPU
		{00E73AA1-1CA5-416E-8EE7-2239D531380C}.Ad-Hoc|x64.ActiveCfg = Release|Any CPU
		{00E73AA1-1CA5-416E-8EE7-2239D531380C}.Ad-Hoc|x64.Build.0 = Release|Any CPU
		{00E73AA1-1CA5-416E-8EE7-2239D531380C}.Ad-Hoc|x64.Deploy.0 = Release|Any CPU
		{00E73AA1-1CA5-416E-8EE7-2239D531380C}.Ad-Hoc|x86.ActiveCfg = Release|x86
		{00E73AA1-1CA5-416E-8EE7-2239D531380C}.Ad-Hoc|x86.Build.0 = Release|x86
		{00E73AA1-1CA5-416E-8EE7-2239D531380C}.Ad-Hoc|x86.Deploy.0 = Release|x86
		{00E73AA1-1CA5-416E-8EE7-2239D531380C}.AppStore|Any CPU.ActiveCfg = Release|Any CPU
		{00E73AA1-1CA5-416E-8EE7-2239D531380C}.AppStore|Any CPU.Build.0 = Release|Any CPU
		{00E73AA1-1CA5-416E-8EE7-2239D531380C}.AppStore|Any CPU.Deploy.0 = Release|Any CPU
		{00E73AA1-1CA5-416E-8EE7-2239D531380C}.AppStore|ARM.ActiveCfg = Release|ARM
		{00E73AA1-1CA5-416E-8EE7-2239D531380C}.AppStore|ARM.Build.0 = Release|ARM
		{00E73AA1-1CA5-416E-8EE7-2239D531380C}.AppStore|ARM.Deploy.0 = Release|ARM
		{00E73AA1-1CA5-416E-8EE7-2239D531380C}.AppStore|iPhone.ActiveCfg = Release|Any CPU
		{00E73AA1-1CA5-416E-8EE7-2239D531380C}.AppStore|iPhone.Build.0 = Release|Any CPU
		{00E73AA1-1CA5-416E-8EE7-2239D531380C}.AppStore|iPhone.Deploy.0 = Release|Any CPU
		{00E73AA1-1CA5-416E-8EE7-2239D531380C}.AppStore|iPhoneSimulator.ActiveCfg = Release|Any CPU
		{00E73AA1-1CA5-416E-8EE7-2239D531380C}.AppStore|iPhoneSimulator.Build.0 = Release|Any CPU
		{00E73AA1-1CA5-416E-8EE7-2239D531380C}.AppStore|iPhoneSimulator.Deploy.0 = Release|Any CPU
		{00E73AA1-1CA5-416E-8EE7-2239D531380C}.AppStore|x64.ActiveCfg = Release|Any CPU
		{00E73AA1-1CA5-416E-8EE7-2239D531380C}.AppStore|x64.Build.0 = Release|Any CPU
		{00E73AA1-1CA5-416E-8EE7-2239D531380C}.AppStore|x64.Deploy.0 = Release|Any CPU
		{00E73AA1-1CA5-416E-8EE7-2239D531380C}.AppStore|x86.ActiveCfg = Release|x86
		{00E73AA1-1CA5-416E-8EE7-2239D531380C}.AppStore|x86.Build.0 = Release|x86
		{00E73AA1-1CA5-416E-8EE7-2239D531380C}.AppStore|x86.Deploy.0 = Release|x86
		{00E73AA1-1CA5-416E-8EE7-2239D531380C}.Debug|Any CPU.ActiveCfg = Debug|Any CPU
		{00E73AA1-1CA5-416E-8EE7-2239D531380C}.Debug|Any CPU.Build.0 = Debug|Any CPU
		{00E73AA1-1CA5-416E-8EE7-2239D531380C}.Debug|Any CPU.Deploy.0 = Debug|Any CPU
		{00E73AA1-1CA5-416E-8EE7-2239D531380C}.Debug|ARM.ActiveCfg = Debug|ARM
		{00E73AA1-1CA5-416E-8EE7-2239D531380C}.Debug|ARM.Build.0 = Debug|ARM
		{00E73AA1-1CA5-416E-8EE7-2239D531380C}.Debug|ARM.Deploy.0 = Debug|ARM
		{00E73AA1-1CA5-416E-8EE7-2239D531380C}.Debug|iPhone.ActiveCfg = Debug|Any CPU
		{00E73AA1-1CA5-416E-8EE7-2239D531380C}.Debug|iPhone.Build.0 = Debug|Any CPU
		{00E73AA1-1CA5-416E-8EE7-2239D531380C}.Debug|iPhone.Deploy.0 = Debug|Any CPU
		{00E73AA1-1CA5-416E-8EE7-2239D531380C}.Debug|iPhoneSimulator.ActiveCfg = Debug|Any CPU
		{00E73AA1-1CA5-416E-8EE7-2239D531380C}.Debug|iPhoneSimulator.Build.0 = Debug|Any CPU
		{00E73AA1-1CA5-416E-8EE7-2239D531380C}.Debug|iPhoneSimulator.Deploy.0 = Debug|Any CPU
		{00E73AA1-1CA5-416E-8EE7-2239D531380C}.Debug|x64.ActiveCfg = Debug|Any CPU
		{00E73AA1-1CA5-416E-8EE7-2239D531380C}.Debug|x64.Build.0 = Debug|Any CPU
		{00E73AA1-1CA5-416E-8EE7-2239D531380C}.Debug|x64.Deploy.0 = Debug|Any CPU
		{00E73AA1-1CA5-416E-8EE7-2239D531380C}.Debug|x86.ActiveCfg = Debug|x86
		{00E73AA1-1CA5-416E-8EE7-2239D531380C}.Debug|x86.Build.0 = Debug|x86
		{00E73AA1-1CA5-416E-8EE7-2239D531380C}.Debug|x86.Deploy.0 = Debug|x86
		{00E73AA1-1CA5-416E-8EE7-2239D531380C}.Release|Any CPU.ActiveCfg = Release|Any CPU
		{00E73AA1-1CA5-416E-8EE7-2239D531380C}.Release|Any CPU.Build.0 = Release|Any CPU
		{00E73AA1-1CA5-416E-8EE7-2239D531380C}.Release|Any CPU.Deploy.0 = Release|Any CPU
		{00E73AA1-1CA5-416E-8EE7-2239D531380C}.Release|ARM.ActiveCfg = Release|ARM
		{00E73AA1-1CA5-416E-8EE7-2239D531380C}.Release|ARM.Build.0 = Release|ARM
		{00E73AA1-1CA5-416E-8EE7-2239D531380C}.Release|ARM.Deploy.0 = Release|ARM
		{00E73AA1-1CA5-416E-8EE7-2239D531380C}.Release|iPhone.ActiveCfg = Release|Any CPU
		{00E73AA1-1CA5-416E-8EE7-2239D531380C}.Release|iPhone.Build.0 = Release|Any CPU
		{00E73AA1-1CA5-416E-8EE7-2239D531380C}.Release|iPhone.Deploy.0 = Release|Any CPU
		{00E73AA1-1CA5-416E-8EE7-2239D531380C}.Release|iPhoneSimulator.ActiveCfg = Release|Any CPU
		{00E73AA1-1CA5-416E-8EE7-2239D531380C}.Release|iPhoneSimulator.Build.0 = Release|Any CPU
		{00E73AA1-1CA5-416E-8EE7-2239D531380C}.Release|iPhoneSimulator.Deploy.0 = Release|Any CPU
		{00E73AA1-1CA5-416E-8EE7-2239D531380C}.Release|x64.ActiveCfg = Release|Any CPU
		{00E73AA1-1CA5-416E-8EE7-2239D531380C}.Release|x64.Build.0 = Release|Any CPU
		{00E73AA1-1CA5-416E-8EE7-2239D531380C}.Release|x64.Deploy.0 = Release|Any CPU
		{00E73AA1-1CA5-416E-8EE7-2239D531380C}.Release|x86.ActiveCfg = Release|x86
		{00E73AA1-1CA5-416E-8EE7-2239D531380C}.Release|x86.Build.0 = Release|x86
		{00E73AA1-1CA5-416E-8EE7-2239D531380C}.Release|x86.Deploy.0 = Release|x86
		{FDA98856-6A3A-408E-8840-68E93445EF6E}.Ad-Hoc|Any CPU.ActiveCfg = Release|x86
		{FDA98856-6A3A-408E-8840-68E93445EF6E}.Ad-Hoc|Any CPU.Build.0 = Release|x86
		{FDA98856-6A3A-408E-8840-68E93445EF6E}.Ad-Hoc|Any CPU.Deploy.0 = Release|x86
		{FDA98856-6A3A-408E-8840-68E93445EF6E}.Ad-Hoc|ARM.ActiveCfg = Release|ARM
		{FDA98856-6A3A-408E-8840-68E93445EF6E}.Ad-Hoc|ARM.Build.0 = Release|ARM
		{FDA98856-6A3A-408E-8840-68E93445EF6E}.Ad-Hoc|ARM.Deploy.0 = Release|ARM
		{FDA98856-6A3A-408E-8840-68E93445EF6E}.Ad-Hoc|iPhone.ActiveCfg = Release|x86
		{FDA98856-6A3A-408E-8840-68E93445EF6E}.Ad-Hoc|iPhone.Build.0 = Release|x86
		{FDA98856-6A3A-408E-8840-68E93445EF6E}.Ad-Hoc|iPhone.Deploy.0 = Release|x86
		{FDA98856-6A3A-408E-8840-68E93445EF6E}.Ad-Hoc|iPhoneSimulator.ActiveCfg = Release|x86
		{FDA98856-6A3A-408E-8840-68E93445EF6E}.Ad-Hoc|iPhoneSimulator.Build.0 = Release|x86
		{FDA98856-6A3A-408E-8840-68E93445EF6E}.Ad-Hoc|iPhoneSimulator.Deploy.0 = Release|x86
		{FDA98856-6A3A-408E-8840-68E93445EF6E}.Ad-Hoc|x64.ActiveCfg = Release|x64
		{FDA98856-6A3A-408E-8840-68E93445EF6E}.Ad-Hoc|x64.Build.0 = Release|x64
		{FDA98856-6A3A-408E-8840-68E93445EF6E}.Ad-Hoc|x64.Deploy.0 = Release|x64
		{FDA98856-6A3A-408E-8840-68E93445EF6E}.Ad-Hoc|x86.ActiveCfg = Release|x86
		{FDA98856-6A3A-408E-8840-68E93445EF6E}.Ad-Hoc|x86.Build.0 = Release|x86
		{FDA98856-6A3A-408E-8840-68E93445EF6E}.Ad-Hoc|x86.Deploy.0 = Release|x86
		{FDA98856-6A3A-408E-8840-68E93445EF6E}.AppStore|Any CPU.ActiveCfg = Release|x86
		{FDA98856-6A3A-408E-8840-68E93445EF6E}.AppStore|Any CPU.Build.0 = Release|x86
		{FDA98856-6A3A-408E-8840-68E93445EF6E}.AppStore|Any CPU.Deploy.0 = Release|x86
		{FDA98856-6A3A-408E-8840-68E93445EF6E}.AppStore|ARM.ActiveCfg = Release|ARM
		{FDA98856-6A3A-408E-8840-68E93445EF6E}.AppStore|ARM.Build.0 = Release|ARM
		{FDA98856-6A3A-408E-8840-68E93445EF6E}.AppStore|ARM.Deploy.0 = Release|ARM
		{FDA98856-6A3A-408E-8840-68E93445EF6E}.AppStore|iPhone.ActiveCfg = Release|x86
		{FDA98856-6A3A-408E-8840-68E93445EF6E}.AppStore|iPhone.Build.0 = Release|x86
		{FDA98856-6A3A-408E-8840-68E93445EF6E}.AppStore|iPhone.Deploy.0 = Release|x86
		{FDA98856-6A3A-408E-8840-68E93445EF6E}.AppStore|iPhoneSimulator.ActiveCfg = Release|x86
		{FDA98856-6A3A-408E-8840-68E93445EF6E}.AppStore|iPhoneSimulator.Build.0 = Release|x86
		{FDA98856-6A3A-408E-8840-68E93445EF6E}.AppStore|iPhoneSimulator.Deploy.0 = Release|x86
		{FDA98856-6A3A-408E-8840-68E93445EF6E}.AppStore|x64.ActiveCfg = Release|x64
		{FDA98856-6A3A-408E-8840-68E93445EF6E}.AppStore|x64.Build.0 = Release|x64
		{FDA98856-6A3A-408E-8840-68E93445EF6E}.AppStore|x64.Deploy.0 = Release|x64
		{FDA98856-6A3A-408E-8840-68E93445EF6E}.AppStore|x86.ActiveCfg = Release|x86
		{FDA98856-6A3A-408E-8840-68E93445EF6E}.AppStore|x86.Build.0 = Release|x86
		{FDA98856-6A3A-408E-8840-68E93445EF6E}.AppStore|x86.Deploy.0 = Release|x86
		{FDA98856-6A3A-408E-8840-68E93445EF6E}.Debug|Any CPU.ActiveCfg = Debug|x86
		{FDA98856-6A3A-408E-8840-68E93445EF6E}.Debug|ARM.ActiveCfg = Debug|ARM
		{FDA98856-6A3A-408E-8840-68E93445EF6E}.Debug|ARM.Build.0 = Debug|ARM
		{FDA98856-6A3A-408E-8840-68E93445EF6E}.Debug|ARM.Deploy.0 = Debug|ARM
		{FDA98856-6A3A-408E-8840-68E93445EF6E}.Debug|iPhone.ActiveCfg = Debug|x86
		{FDA98856-6A3A-408E-8840-68E93445EF6E}.Debug|iPhoneSimulator.ActiveCfg = Debug|x86
		{FDA98856-6A3A-408E-8840-68E93445EF6E}.Debug|x64.ActiveCfg = Debug|x64
		{FDA98856-6A3A-408E-8840-68E93445EF6E}.Debug|x64.Build.0 = Debug|x64
		{FDA98856-6A3A-408E-8840-68E93445EF6E}.Debug|x64.Deploy.0 = Debug|x64
		{FDA98856-6A3A-408E-8840-68E93445EF6E}.Debug|x86.ActiveCfg = Debug|x86
		{FDA98856-6A3A-408E-8840-68E93445EF6E}.Debug|x86.Build.0 = Debug|x86
		{FDA98856-6A3A-408E-8840-68E93445EF6E}.Debug|x86.Deploy.0 = Debug|x86
		{FDA98856-6A3A-408E-8840-68E93445EF6E}.Release|Any CPU.ActiveCfg = Release|x86
		{FDA98856-6A3A-408E-8840-68E93445EF6E}.Release|ARM.ActiveCfg = Release|ARM
		{FDA98856-6A3A-408E-8840-68E93445EF6E}.Release|ARM.Build.0 = Release|ARM
		{FDA98856-6A3A-408E-8840-68E93445EF6E}.Release|ARM.Deploy.0 = Release|ARM
		{FDA98856-6A3A-408E-8840-68E93445EF6E}.Release|iPhone.ActiveCfg = Release|x86
		{FDA98856-6A3A-408E-8840-68E93445EF6E}.Release|iPhoneSimulator.ActiveCfg = Release|x86
		{FDA98856-6A3A-408E-8840-68E93445EF6E}.Release|x64.ActiveCfg = Release|x64
		{FDA98856-6A3A-408E-8840-68E93445EF6E}.Release|x64.Build.0 = Release|x64
		{FDA98856-6A3A-408E-8840-68E93445EF6E}.Release|x64.Deploy.0 = Release|x64
		{FDA98856-6A3A-408E-8840-68E93445EF6E}.Release|x86.ActiveCfg = Release|x86
		{FDA98856-6A3A-408E-8840-68E93445EF6E}.Release|x86.Build.0 = Release|x86
		{FDA98856-6A3A-408E-8840-68E93445EF6E}.Release|x86.Deploy.0 = Release|x86
		{CB7BB77A-149F-4067-9906-634CFB75546E}.Ad-Hoc|Any CPU.ActiveCfg = Release|Any CPU
		{CB7BB77A-149F-4067-9906-634CFB75546E}.Ad-Hoc|Any CPU.Build.0 = Release|Any CPU
		{CB7BB77A-149F-4067-9906-634CFB75546E}.Ad-Hoc|Any CPU.Deploy.0 = Release|Any CPU
		{CB7BB77A-149F-4067-9906-634CFB75546E}.Ad-Hoc|ARM.ActiveCfg = Release|ARM
		{CB7BB77A-149F-4067-9906-634CFB75546E}.Ad-Hoc|ARM.Build.0 = Release|ARM
		{CB7BB77A-149F-4067-9906-634CFB75546E}.Ad-Hoc|ARM.Deploy.0 = Release|ARM
		{CB7BB77A-149F-4067-9906-634CFB75546E}.Ad-Hoc|iPhone.ActiveCfg = Release|Any CPU
		{CB7BB77A-149F-4067-9906-634CFB75546E}.Ad-Hoc|iPhone.Build.0 = Release|Any CPU
		{CB7BB77A-149F-4067-9906-634CFB75546E}.Ad-Hoc|iPhone.Deploy.0 = Release|Any CPU
		{CB7BB77A-149F-4067-9906-634CFB75546E}.Ad-Hoc|iPhoneSimulator.ActiveCfg = Release|Any CPU
		{CB7BB77A-149F-4067-9906-634CFB75546E}.Ad-Hoc|iPhoneSimulator.Build.0 = Release|Any CPU
		{CB7BB77A-149F-4067-9906-634CFB75546E}.Ad-Hoc|iPhoneSimulator.Deploy.0 = Release|Any CPU
		{CB7BB77A-149F-4067-9906-634CFB75546E}.Ad-Hoc|x64.ActiveCfg = Release|x64
		{CB7BB77A-149F-4067-9906-634CFB75546E}.Ad-Hoc|x64.Build.0 = Release|x64
		{CB7BB77A-149F-4067-9906-634CFB75546E}.Ad-Hoc|x64.Deploy.0 = Release|x64
		{CB7BB77A-149F-4067-9906-634CFB75546E}.Ad-Hoc|x86.ActiveCfg = Release|x86
		{CB7BB77A-149F-4067-9906-634CFB75546E}.Ad-Hoc|x86.Build.0 = Release|x86
		{CB7BB77A-149F-4067-9906-634CFB75546E}.Ad-Hoc|x86.Deploy.0 = Release|x86
		{CB7BB77A-149F-4067-9906-634CFB75546E}.AppStore|Any CPU.ActiveCfg = Release|Any CPU
		{CB7BB77A-149F-4067-9906-634CFB75546E}.AppStore|Any CPU.Build.0 = Release|Any CPU
		{CB7BB77A-149F-4067-9906-634CFB75546E}.AppStore|Any CPU.Deploy.0 = Release|Any CPU
		{CB7BB77A-149F-4067-9906-634CFB75546E}.AppStore|ARM.ActiveCfg = Release|ARM
		{CB7BB77A-149F-4067-9906-634CFB75546E}.AppStore|ARM.Build.0 = Release|ARM
		{CB7BB77A-149F-4067-9906-634CFB75546E}.AppStore|ARM.Deploy.0 = Release|ARM
		{CB7BB77A-149F-4067-9906-634CFB75546E}.AppStore|iPhone.ActiveCfg = Release|Any CPU
		{CB7BB77A-149F-4067-9906-634CFB75546E}.AppStore|iPhone.Build.0 = Release|Any CPU
		{CB7BB77A-149F-4067-9906-634CFB75546E}.AppStore|iPhone.Deploy.0 = Release|Any CPU
		{CB7BB77A-149F-4067-9906-634CFB75546E}.AppStore|iPhoneSimulator.ActiveCfg = Release|Any CPU
		{CB7BB77A-149F-4067-9906-634CFB75546E}.AppStore|iPhoneSimulator.Build.0 = Release|Any CPU
		{CB7BB77A-149F-4067-9906-634CFB75546E}.AppStore|iPhoneSimulator.Deploy.0 = Release|Any CPU
		{CB7BB77A-149F-4067-9906-634CFB75546E}.AppStore|x64.ActiveCfg = Release|x64
		{CB7BB77A-149F-4067-9906-634CFB75546E}.AppStore|x64.Build.0 = Release|x64
		{CB7BB77A-149F-4067-9906-634CFB75546E}.AppStore|x64.Deploy.0 = Release|x64
		{CB7BB77A-149F-4067-9906-634CFB75546E}.AppStore|x86.ActiveCfg = Release|x86
		{CB7BB77A-149F-4067-9906-634CFB75546E}.AppStore|x86.Build.0 = Release|x86
		{CB7BB77A-149F-4067-9906-634CFB75546E}.AppStore|x86.Deploy.0 = Release|x86
		{CB7BB77A-149F-4067-9906-634CFB75546E}.Debug|Any CPU.ActiveCfg = Debug|Any CPU
		{CB7BB77A-149F-4067-9906-634CFB75546E}.Debug|Any CPU.Build.0 = Debug|Any CPU
		{CB7BB77A-149F-4067-9906-634CFB75546E}.Debug|Any CPU.Deploy.0 = Debug|Any CPU
		{CB7BB77A-149F-4067-9906-634CFB75546E}.Debug|ARM.ActiveCfg = Debug|ARM
		{CB7BB77A-149F-4067-9906-634CFB75546E}.Debug|ARM.Build.0 = Debug|ARM
		{CB7BB77A-149F-4067-9906-634CFB75546E}.Debug|ARM.Deploy.0 = Debug|ARM
		{CB7BB77A-149F-4067-9906-634CFB75546E}.Debug|iPhone.ActiveCfg = Debug|Any CPU
		{CB7BB77A-149F-4067-9906-634CFB75546E}.Debug|iPhone.Build.0 = Debug|Any CPU
		{CB7BB77A-149F-4067-9906-634CFB75546E}.Debug|iPhone.Deploy.0 = Debug|Any CPU
		{CB7BB77A-149F-4067-9906-634CFB75546E}.Debug|iPhoneSimulator.ActiveCfg = Debug|Any CPU
		{CB7BB77A-149F-4067-9906-634CFB75546E}.Debug|iPhoneSimulator.Build.0 = Debug|Any CPU
		{CB7BB77A-149F-4067-9906-634CFB75546E}.Debug|iPhoneSimulator.Deploy.0 = Debug|Any CPU
		{CB7BB77A-149F-4067-9906-634CFB75546E}.Debug|x64.ActiveCfg = Debug|x64
		{CB7BB77A-149F-4067-9906-634CFB75546E}.Debug|x64.Build.0 = Debug|x64
		{CB7BB77A-149F-4067-9906-634CFB75546E}.Debug|x64.Deploy.0 = Debug|x64
		{CB7BB77A-149F-4067-9906-634CFB75546E}.Debug|x86.ActiveCfg = Debug|x86
		{CB7BB77A-149F-4067-9906-634CFB75546E}.Debug|x86.Build.0 = Debug|x86
		{CB7BB77A-149F-4067-9906-634CFB75546E}.Debug|x86.Deploy.0 = Debug|x86
		{CB7BB77A-149F-4067-9906-634CFB75546E}.Release|Any CPU.ActiveCfg = Release|Any CPU
		{CB7BB77A-149F-4067-9906-634CFB75546E}.Release|Any CPU.Build.0 = Release|Any CPU
		{CB7BB77A-149F-4067-9906-634CFB75546E}.Release|Any CPU.Deploy.0 = Release|Any CPU
		{CB7BB77A-149F-4067-9906-634CFB75546E}.Release|ARM.ActiveCfg = Release|ARM
		{CB7BB77A-149F-4067-9906-634CFB75546E}.Release|ARM.Build.0 = Release|ARM
		{CB7BB77A-149F-4067-9906-634CFB75546E}.Release|ARM.Deploy.0 = Release|ARM
		{CB7BB77A-149F-4067-9906-634CFB75546E}.Release|iPhone.ActiveCfg = Release|Any CPU
		{CB7BB77A-149F-4067-9906-634CFB75546E}.Release|iPhone.Build.0 = Release|Any CPU
		{CB7BB77A-149F-4067-9906-634CFB75546E}.Release|iPhone.Deploy.0 = Release|Any CPU
		{CB7BB77A-149F-4067-9906-634CFB75546E}.Release|iPhoneSimulator.ActiveCfg = Release|Any CPU
		{CB7BB77A-149F-4067-9906-634CFB75546E}.Release|iPhoneSimulator.Build.0 = Release|Any CPU
		{CB7BB77A-149F-4067-9906-634CFB75546E}.Release|iPhoneSimulator.Deploy.0 = Release|Any CPU
		{CB7BB77A-149F-4067-9906-634CFB75546E}.Release|x64.ActiveCfg = Release|x64
		{CB7BB77A-149F-4067-9906-634CFB75546E}.Release|x64.Build.0 = Release|x64
		{CB7BB77A-149F-4067-9906-634CFB75546E}.Release|x64.Deploy.0 = Release|x64
		{CB7BB77A-149F-4067-9906-634CFB75546E}.Release|x86.ActiveCfg = Release|x86
		{CB7BB77A-149F-4067-9906-634CFB75546E}.Release|x86.Build.0 = Release|x86
		{CB7BB77A-149F-4067-9906-634CFB75546E}.Release|x86.Deploy.0 = Release|x86
	EndGlobalSection
	GlobalSection(SolutionProperties) = preSolution
		HideSolutionNode = FALSE
	EndGlobalSection
EndGlobal
